
Microsoft Visual Studio Solution File, Format Version 12.00
# Visual Studio Version 16
VisualStudioVersion = 16.6.30114.105
MinimumVisualStudioVersion = 10.0.40219.1
Project("{FAE04EC0-301F-11D3-BF4B-00C04F79EFBC}") = "R5T.D0099.A001", "R5T.D0099.A001\R5T.D0099.A001.csproj", "{B70C28F3-DB9F-4AF2-BF7C-16D8D88B3749}"
EndProject
Project("{FAE04EC0-301F-11D3-BF4B-00C04F79EFBC}") = "R5T.D0099.I001", "R5T.D0099.I001\R5T.D0099.I001.csproj", "{74A260D8-ADA9-42E6-8524-1D918988AED6}"
EndProject
Project("{FAE04EC0-301F-11D3-BF4B-00C04F79EFBC}") = "R5T.D0099.Base", "R5T.D0099.Base\R5T.D0099.Base.csproj", "{09E90407-E25C-4377-B02F-2986C7DAF44E}"
EndProject
Project("{2150E333-8FDC-42A3-9474-1A3956D46DE8}") = "_Dependencies", "_Dependencies", "{D913614C-BA72-4882-8BDB-09E034D101E9}"
EndProject
Project("{FAE04EC0-301F-11D3-BF4B-00C04F79EFBC}") = "R5T.Dacia.Extensions", "..\..\R5T.Dacia.Extensions\source\R5T.Dacia.Extensions\R5T.Dacia.Extensions.csproj", "{F54FC5D7-D566-422D-9CFF-73454EB5C291}"
EndProject
Project("{FAE04EC0-301F-11D3-BF4B-00C04F79EFBC}") = "R5T.Dacia.T002", "..\..\R5T.Dacia\source\R5T.Dacia.T002\R5T.Dacia.T002.csproj", "{6BD0C36D-3F9E-4085-A26B-9C5E413FF2FF}"
EndProject
Global
	GlobalSection(SolutionConfigurationPlatforms) = preSolution
		Debug|Any CPU = Debug|Any CPU
		Debug|x64 = Debug|x64
		Debug|x86 = Debug|x86
		Release|Any CPU = Release|Any CPU
		Release|x64 = Release|x64
		Release|x86 = Release|x86
	EndGlobalSection
	GlobalSection(SolutionProperties) = preSolution
		HideSolutionNode = FALSE
	EndGlobalSection
	GlobalSection(ProjectConfigurationPlatforms) = postSolution
		{B70C28F3-DB9F-4AF2-BF7C-16D8D88B3749}.Debug|Any CPU.ActiveCfg = Debug|Any CPU
		{B70C28F3-DB9F-4AF2-BF7C-16D8D88B3749}.Debug|Any CPU.Build.0 = Debug|Any CPU
		{B70C28F3-DB9F-4AF2-BF7C-16D8D88B3749}.Debug|x64.ActiveCfg = Debug|Any CPU
		{B70C28F3-DB9F-4AF2-BF7C-16D8D88B3749}.Debug|x64.Build.0 = Debug|Any CPU
		{B70C28F3-DB9F-4AF2-BF7C-16D8D88B3749}.Debug|x86.ActiveCfg = Debug|Any CPU
		{B70C28F3-DB9F-4AF2-BF7C-16D8D88B3749}.Debug|x86.Build.0 = Debug|Any CPU
		{B70C28F3-DB9F-4AF2-BF7C-16D8D88B3749}.Release|Any CPU.ActiveCfg = Release|Any CPU
		{B70C28F3-DB9F-4AF2-BF7C-16D8D88B3749}.Release|Any CPU.Build.0 = Release|Any CPU
		{B70C28F3-DB9F-4AF2-BF7C-16D8D88B3749}.Release|x64.ActiveCfg = Release|Any CPU
		{B70C28F3-DB9F-4AF2-BF7C-16D8D88B3749}.Release|x64.Build.0 = Release|Any CPU
		{B70C28F3-DB9F-4AF2-BF7C-16D8D88B3749}.Release|x86.ActiveCfg = Release|Any CPU
		{B70C28F3-DB9F-4AF2-BF7C-16D8D88B3749}.Release|x86.Build.0 = Release|Any CPU
		{74A260D8-ADA9-42E6-8524-1D918988AED6}.Debug|Any CPU.ActiveCfg = Debug|Any CPU
		{74A260D8-ADA9-42E6-8524-1D918988AED6}.Debug|Any CPU.Build.0 = Debug|Any CPU
		{74A260D8-ADA9-42E6-8524-1D918988AED6}.Debug|x64.ActiveCfg = Debug|Any CPU
		{74A260D8-ADA9-42E6-8524-1D918988AED6}.Debug|x64.Build.0 = Debug|Any CPU
		{74A260D8-ADA9-42E6-8524-1D918988AED6}.Debug|x86.ActiveCfg = Debug|Any CPU
		{74A260D8-ADA9-42E6-8524-1D918988AED6}.Debug|x86.Build.0 = Debug|Any CPU
		{74A260D8-ADA9-42E6-8524-1D918988AED6}.Release|Any CPU.ActiveCfg = Release|Any CPU
		{74A260D8-ADA9-42E6-8524-1D918988AED6}.Release|Any CPU.Build.0 = Release|Any CPU
		{74A260D8-ADA9-42E6-8524-1D918988AED6}.Release|x64.ActiveCfg = Release|Any CPU
		{74A260D8-ADA9-42E6-8524-1D918988AED6}.Release|x64.Build.0 = Release|Any CPU
		{74A260D8-ADA9-42E6-8524-1D918988AED6}.Release|x86.ActiveCfg = Release|Any CPU
		{74A260D8-ADA9-42E6-8524-1D918988AED6}.Release|x86.Build.0 = Release|Any CPU
		{09E90407-E25C-4377-B02F-2986C7DAF44E}.Debug|Any CPU.ActiveCfg = Debug|Any CPU
		{09E90407-E25C-4377-B02F-2986C7DAF44E}.Debug|Any CPU.Build.0 = Debug|Any CPU
		{09E90407-E25C-4377-B02F-2986C7DAF44E}.Debug|x64.ActiveCfg = Debug|Any CPU
		{09E90407-E25C-4377-B02F-2986C7DAF44E}.Debug|x64.Build.0 = Debug|Any CPU
		{09E90407-E25C-4377-B02F-2986C7DAF44E}.Debug|x86.ActiveCfg = Debug|Any CPU
		{09E90407-E25C-4377-B02F-2986C7DAF44E}.Debug|x86.Build.0 = Debug|Any CPU
		{09E90407-E25C-4377-B02F-2986C7DAF44E}.Release|Any CPU.ActiveCfg = Release|Any CPU
		{09E90407-E25C-4377-B02F-2986C7DAF44E}.Release|Any CPU.Build.0 = Release|Any CPU
		{09E90407-E25C-4377-B02F-2986C7DAF44E}.Release|x64.ActiveCfg = Release|Any CPU
		{09E90407-E25C-4377-B02F-2986C7DAF44E}.Release|x64.Build.0 = Release|Any CPU
		{09E90407-E25C-4377-B02F-2986C7DAF44E}.Release|x86.ActiveCfg = Release|Any CPU
		{09E90407-E25C-4377-B02F-2986C7DAF44E}.Release|x86.Build.0 = Release|Any CPU
		{F54FC5D7-D566-422D-9CFF-73454EB5C291}.Debug|Any CPU.ActiveCfg = Debug|Any CPU
		{F54FC5D7-D566-422D-9CFF-73454EB5C291}.Debug|Any CPU.Build.0 = Debug|Any CPU
		{F54FC5D7-D566-422D-9CFF-73454EB5C291}.Debug|x64.ActiveCfg = Debug|Any CPU
		{F54FC5D7-D566-422D-9CFF-73454EB5C291}.Debug|x64.Build.0 = Debug|Any CPU
		{F54FC5D7-D566-422D-9CFF-73454EB5C291}.Debug|x86.ActiveCfg = Debug|Any CPU
		{F54FC5D7-D566-422D-9CFF-73454EB5C291}.Debug|x86.Build.0 = Debug|Any CPU
		{F54FC5D7-D566-422D-9CFF-73454EB5C291}.Release|Any CPU.ActiveCfg = Release|Any CPU
		{F54FC5D7-D566-422D-9CFF-73454EB5C291}.Release|Any CPU.Build.0 = Release|Any CPU
		{F54FC5D7-D566-422D-9CFF-73454EB5C291}.Release|x64.ActiveCfg = Release|Any CPU
		{F54FC5D7-D566-422D-9CFF-73454EB5C291}.Release|x64.Build.0 = Release|Any CPU
		{F54FC5D7-D566-422D-9CFF-73454EB5C291}.Release|x86.ActiveCfg = Release|Any CPU
		{F54FC5D7-D566-422D-9CFF-73454EB5C291}.Release|x86.Build.0 = Release|Any CPU
		{6BD0C36D-3F9E-4085-A26B-9C5E413FF2FF}.Debug|Any CPU.ActiveCfg = Debug|Any CPU
		{6BD0C36D-3F9E-4085-A26B-9C5E413FF2FF}.Debug|Any CPU.Build.0 = Debug|Any CPU
		{6BD0C36D-3F9E-4085-A26B-9C5E413FF2FF}.Debug|x64.ActiveCfg = Debug|Any CPU
		{6BD0C36D-3F9E-4085-A26B-9C5E413FF2FF}.Debug|x64.Build.0 = Debug|Any CPU
		{6BD0C36D-3F9E-4085-A26B-9C5E413FF2FF}.Debug|x86.ActiveCfg = Debug|Any CPU
		{6BD0C36D-3F9E-4085-A26B-9C5E413FF2FF}.Debug|x86.Build.0 = Debug|Any CPU
		{6BD0C36D-3F9E-4085-A26B-9C5E413FF2FF}.Release|Any CPU.ActiveCfg = Release|Any CPU
		{6BD0C36D-3F9E-4085-A26B-9C5E413FF2FF}.Release|Any CPU.Build.0 = Release|Any CPU
		{6BD0C36D-3F9E-4085-A26B-9C5E413FF2FF}.Release|x64.ActiveCfg = Release|Any CPU
		{6BD0C36D-3F9E-4085-A26B-9C5E413FF2FF}.Release|x64.Build.0 = Release|Any CPU
		{6BD0C36D-3F9E-4085-A26B-9C5E413FF2FF}.Release|x86.ActiveCfg = Release|Any CPU
		{6BD0C36D-3F9E-4085-A26B-9C5E413FF2FF}.Release|x86.Build.0 = Release|Any CPU
	EndGlobalSection
	GlobalSection(NestedProjects) = preSolution
		{F54FC5D7-D566-422D-9CFF-73454EB5C291} = {D913614C-BA72-4882-8BDB-09E034D101E9}
		{6BD0C36D-3F9E-4085-A26B-9C5E413FF2FF} = {D913614C-BA72-4882-8BDB-09E034D101E9}
	EndGlobalSection
EndGlobal
