
Microsoft Visual Studio Solution File, Format Version 12.00
# Visual Studio Version 16
VisualStudioVersion = 16.6.30114.105
MinimumVisualStudioVersion = 10.0.40219.1
Project("{9A19103F-16F7-4668-BE54-9A1E7A4F7556}") = "R5T.D0099.A001", "R5T.D0099.A001\R5T.D0099.A001.csproj", "{B70C28F3-DB9F-4AF2-BF7C-16D8D88B3749}"
EndProject
Project("{9A19103F-16F7-4668-BE54-9A1E7A4F7556}") = "R5T.D0099.I001", "R5T.D0099.I001\R5T.D0099.I001.csproj", "{74A260D8-ADA9-42E6-8524-1D918988AED6}"
EndProject
Project("{9A19103F-16F7-4668-BE54-9A1E7A4F7556}") = "R5T.D0099.Base", "R5T.D0099.Base\R5T.D0099.Base.csproj", "{09E90407-E25C-4377-B02F-2986C7DAF44E}"
EndProject
Project("{2150E333-8FDC-42A3-9474-1A3956D46DE8}") = "_Dependencies", "_Dependencies", "{D913614C-BA72-4882-8BDB-09E034D101E9}"
EndProject
Project("{9A19103F-16F7-4668-BE54-9A1E7A4F7556}") = "R5T.D0099.D002.I002", "R5T.D0099.D002.I002\R5T.D0099.D002.I002.csproj", "{1A5EE815-9C16-4A46-B78F-449A3E4E0FB5}"
EndProject
Project("{9A19103F-16F7-4668-BE54-9A1E7A4F7556}") = "R5T.D0096.Base", "..\..\R5T.D0096\source\R5T.D0096.Base\R5T.D0096.Base.csproj", "{AAD5DADC-2233-4060-BB56-F1F940077410}"
EndProject
Project("{9A19103F-16F7-4668-BE54-9A1E7A4F7556}") = "R5T.T0064", "..\..\R5T.T0064\source\R5T.T0064\R5T.T0064.csproj", "{21E223C0-1A3A-4710-AD55-7D84E63CD05C}"
EndProject
Project("{9A19103F-16F7-4668-BE54-9A1E7A4F7556}") = "R5T.D0098.Base", "..\..\R5T.D0098\source\R5T.D0098.Base\R5T.D0098.Base.csproj", "{3DD9A7FD-A67B-40EC-AB50-56CD434DF9D9}"
EndProject
Project("{9A19103F-16F7-4668-BE54-9A1E7A4F7556}") = "R5T.D0097.Base", "..\..\R5T.D0097\source\R5T.D0097.Base\R5T.D0097.Base.csproj", "{1752562B-397A-4710-A2CE-4B4D08308716}"
EndProject
Project("{9A19103F-16F7-4668-BE54-9A1E7A4F7556}") = "R5T.L0019", "..\..\R5T.L0019\source\R5T.L0019\R5T.L0019.csproj", "{AD7C54D1-C5B7-4430-8511-A410B782B209}"
EndProject
Project("{9A19103F-16F7-4668-BE54-9A1E7A4F7556}") = "R5T.Magyar", "..\..\R5T.Magyar\source\R5T.Magyar\R5T.Magyar.csproj", "{68D02202-554A-4C59-B052-45ADA25DDC8B}"
EndProject
Project("{9A19103F-16F7-4668-BE54-9A1E7A4F7556}") = "R5T.T0091", "..\..\R5T.T0091\source\R5T.T0091\R5T.T0091.csproj", "{6BEEF189-1095-4AD8-93BC-BF057249494A}"
EndProject
Project("{9A19103F-16F7-4668-BE54-9A1E7A4F7556}") = "R5T.L0017", "..\..\R5T.L0017\source\R5T.L0017\R5T.L0017.csproj", "{B6FFDF54-B564-43D8-B37E-9F56B14D0B1C}"
EndProject
Project("{9A19103F-16F7-4668-BE54-9A1E7A4F7556}") = "R5T.D0099.D001.Base", "R5T.D0099.D001.Base\R5T.D0099.D001.Base.csproj", "{B4BBCA2E-B233-47AE-B724-957079F54CBC}"
EndProject
Project("{9A19103F-16F7-4668-BE54-9A1E7A4F7556}") = "R5T.D0099.D002.Base", "R5T.D0099.D002.Base\R5T.D0099.D002.Base.csproj", "{16D8712D-8BE7-431C-9AF2-DF193DD0412A}"
EndProject
Project("{9A19103F-16F7-4668-BE54-9A1E7A4F7556}") = "R5T.T0062.X001", "..\..\R5T.T0062\source\R5T.T0062.X001\R5T.T0062.X001.csproj", "{B9CEBACF-8E9E-4E06-AAA2-B24967E9187C}"
EndProject
Project("{9A19103F-16F7-4668-BE54-9A1E7A4F7556}") = "R5T.T0063", "..\..\R5T.T0063\source\R5T.T0063\R5T.T0063.csproj", "{D9A3C3A9-65FB-44EF-AF86-707197EB927F}"
EndProject
Project("{9A19103F-16F7-4668-BE54-9A1E7A4F7556}") = "R5T.L0013", "..\..\R5T.L0013\source\R5T.L0013\R5T.L0013.csproj", "{478259F4-7E31-4F6D-B010-F3222499A764}"
EndProject
Project("{9A19103F-16F7-4668-BE54-9A1E7A4F7556}") = "R5T.T0062", "..\..\R5T.T0062\source\R5T.T0062\R5T.T0062.csproj", "{1E3DE662-B7C1-47AA-BCAB-822070F18D28}"
EndProject
Project("{9A19103F-16F7-4668-BE54-9A1E7A4F7556}") = "R5T.T0039.T002", "..\..\R5T.T0039\source\R5T.T0039.T002\R5T.T0039.T002.csproj", "{D2830173-44A4-46C0-9ACD-6789B602458A}"
EndProject
Project("{9A19103F-16F7-4668-BE54-9A1E7A4F7556}") = "R5T.D0099.T001", "R5T.D0099.T001\R5T.D0099.T001.csproj", "{E9A8DC46-D297-47F2-A70B-D0A9031AE4D7}"
EndProject
Project("{9A19103F-16F7-4668-BE54-9A1E7A4F7556}") = "R5T.D0099.D003.Base", "R5T.D0099.D003.Base\R5T.D0099.D003.Base.csproj", "{C3BB0B46-D0F7-425D-98AE-D16E025B8913}"
EndProject
Project("{9A19103F-16F7-4668-BE54-9A1E7A4F7556}") = "R5T.D0099.D001.I002", "R5T.D0099.D001.I002\R5T.D0099.D001.I002.csproj", "{4E71FB9C-B0E0-4F35-9A61-F266BE103013}"
EndProject
Project("{9A19103F-16F7-4668-BE54-9A1E7A4F7556}") = "R5T.D0098.I001", "..\..\R5T.D0098\source\R5T.D0098.I001\R5T.D0098.I001.csproj", "{D9DBB54B-6527-41C2-83EC-9B84D32846A4}"
EndProject
Global
	GlobalSection(SolutionConfigurationPlatforms) = preSolution
		Debug|Any CPU = Debug|Any CPU
		Debug|x64 = Debug|x64
		Debug|x86 = Debug|x86
		Release|Any CPU = Release|Any CPU
		Release|x64 = Release|x64
		Release|x86 = Release|x86
	EndGlobalSection
	GlobalSection(ProjectConfigurationPlatforms) = postSolution
		{B70C28F3-DB9F-4AF2-BF7C-16D8D88B3749}.Debug|Any CPU.ActiveCfg = Debug|Any CPU
		{B70C28F3-DB9F-4AF2-BF7C-16D8D88B3749}.Debug|Any CPU.Build.0 = Debug|Any CPU
		{B70C28F3-DB9F-4AF2-BF7C-16D8D88B3749}.Debug|x64.ActiveCfg = Debug|Any CPU
		{B70C28F3-DB9F-4AF2-BF7C-16D8D88B3749}.Debug|x64.Build.0 = Debug|Any CPU
		{B70C28F3-DB9F-4AF2-BF7C-16D8D88B3749}.Debug|x86.ActiveCfg = Debug|Any CPU
		{B70C28F3-DB9F-4AF2-BF7C-16D8D88B3749}.Debug|x86.Build.0 = Debug|Any CPU
		{B70C28F3-DB9F-4AF2-BF7C-16D8D88B3749}.Release|Any CPU.ActiveCfg = Release|Any CPU
		{B70C28F3-DB9F-4AF2-BF7C-16D8D88B3749}.Release|Any CPU.Build.0 = Release|Any CPU
		{B70C28F3-DB9F-4AF2-BF7C-16D8D88B3749}.Release|x64.ActiveCfg = Release|Any CPU
		{B70C28F3-DB9F-4AF2-BF7C-16D8D88B3749}.Release|x64.Build.0 = Release|Any CPU
		{B70C28F3-DB9F-4AF2-BF7C-16D8D88B3749}.Release|x86.ActiveCfg = Release|Any CPU
		{B70C28F3-DB9F-4AF2-BF7C-16D8D88B3749}.Release|x86.Build.0 = Release|Any CPU
		{74A260D8-ADA9-42E6-8524-1D918988AED6}.Debug|Any CPU.ActiveCfg = Debug|Any CPU
		{74A260D8-ADA9-42E6-8524-1D918988AED6}.Debug|Any CPU.Build.0 = Debug|Any CPU
		{74A260D8-ADA9-42E6-8524-1D918988AED6}.Debug|x64.ActiveCfg = Debug|Any CPU
		{74A260D8-ADA9-42E6-8524-1D918988AED6}.Debug|x64.Build.0 = Debug|Any CPU
		{74A260D8-ADA9-42E6-8524-1D918988AED6}.Debug|x86.ActiveCfg = Debug|Any CPU
		{74A260D8-ADA9-42E6-8524-1D918988AED6}.Debug|x86.Build.0 = Debug|Any CPU
		{74A260D8-ADA9-42E6-8524-1D918988AED6}.Release|Any CPU.ActiveCfg = Release|Any CPU
		{74A260D8-ADA9-42E6-8524-1D918988AED6}.Release|Any CPU.Build.0 = Release|Any CPU
		{74A260D8-ADA9-42E6-8524-1D918988AED6}.Release|x64.ActiveCfg = Release|Any CPU
		{74A260D8-ADA9-42E6-8524-1D918988AED6}.Release|x64.Build.0 = Release|Any CPU
		{74A260D8-ADA9-42E6-8524-1D918988AED6}.Release|x86.ActiveCfg = Release|Any CPU
		{74A260D8-ADA9-42E6-8524-1D918988AED6}.Release|x86.Build.0 = Release|Any CPU
		{09E90407-E25C-4377-B02F-2986C7DAF44E}.Debug|Any CPU.ActiveCfg = Debug|Any CPU
		{09E90407-E25C-4377-B02F-2986C7DAF44E}.Debug|Any CPU.Build.0 = Debug|Any CPU
		{09E90407-E25C-4377-B02F-2986C7DAF44E}.Debug|x64.ActiveCfg = Debug|Any CPU
		{09E90407-E25C-4377-B02F-2986C7DAF44E}.Debug|x64.Build.0 = Debug|Any CPU
		{09E90407-E25C-4377-B02F-2986C7DAF44E}.Debug|x86.ActiveCfg = Debug|Any CPU
		{09E90407-E25C-4377-B02F-2986C7DAF44E}.Debug|x86.Build.0 = Debug|Any CPU
		{09E90407-E25C-4377-B02F-2986C7DAF44E}.Release|Any CPU.ActiveCfg = Release|Any CPU
		{09E90407-E25C-4377-B02F-2986C7DAF44E}.Release|Any CPU.Build.0 = Release|Any CPU
		{09E90407-E25C-4377-B02F-2986C7DAF44E}.Release|x64.ActiveCfg = Release|Any CPU
		{09E90407-E25C-4377-B02F-2986C7DAF44E}.Release|x64.Build.0 = Release|Any CPU
		{09E90407-E25C-4377-B02F-2986C7DAF44E}.Release|x86.ActiveCfg = Release|Any CPU
		{09E90407-E25C-4377-B02F-2986C7DAF44E}.Release|x86.Build.0 = Release|Any CPU
		{1A5EE815-9C16-4A46-B78F-449A3E4E0FB5}.Debug|Any CPU.ActiveCfg = Debug|Any CPU
		{1A5EE815-9C16-4A46-B78F-449A3E4E0FB5}.Debug|Any CPU.Build.0 = Debug|Any CPU
		{1A5EE815-9C16-4A46-B78F-449A3E4E0FB5}.Debug|x64.ActiveCfg = Debug|Any CPU
		{1A5EE815-9C16-4A46-B78F-449A3E4E0FB5}.Debug|x64.Build.0 = Debug|Any CPU
		{1A5EE815-9C16-4A46-B78F-449A3E4E0FB5}.Debug|x86.ActiveCfg = Debug|Any CPU
		{1A5EE815-9C16-4A46-B78F-449A3E4E0FB5}.Debug|x86.Build.0 = Debug|Any CPU
		{1A5EE815-9C16-4A46-B78F-449A3E4E0FB5}.Release|Any CPU.ActiveCfg = Release|Any CPU
		{1A5EE815-9C16-4A46-B78F-449A3E4E0FB5}.Release|Any CPU.Build.0 = Release|Any CPU
		{1A5EE815-9C16-4A46-B78F-449A3E4E0FB5}.Release|x64.ActiveCfg = Release|Any CPU
		{1A5EE815-9C16-4A46-B78F-449A3E4E0FB5}.Release|x64.Build.0 = Release|Any CPU
		{1A5EE815-9C16-4A46-B78F-449A3E4E0FB5}.Release|x86.ActiveCfg = Release|Any CPU
		{1A5EE815-9C16-4A46-B78F-449A3E4E0FB5}.Release|x86.Build.0 = Release|Any CPU
		{AAD5DADC-2233-4060-BB56-F1F940077410}.Debug|Any CPU.ActiveCfg = Debug|Any CPU
		{AAD5DADC-2233-4060-BB56-F1F940077410}.Debug|Any CPU.Build.0 = Debug|Any CPU
		{AAD5DADC-2233-4060-BB56-F1F940077410}.Debug|x64.ActiveCfg = Debug|Any CPU
		{AAD5DADC-2233-4060-BB56-F1F940077410}.Debug|x64.Build.0 = Debug|Any CPU
		{AAD5DADC-2233-4060-BB56-F1F940077410}.Debug|x86.ActiveCfg = Debug|Any CPU
		{AAD5DADC-2233-4060-BB56-F1F940077410}.Debug|x86.Build.0 = Debug|Any CPU
		{AAD5DADC-2233-4060-BB56-F1F940077410}.Release|Any CPU.ActiveCfg = Release|Any CPU
		{AAD5DADC-2233-4060-BB56-F1F940077410}.Release|Any CPU.Build.0 = Release|Any CPU
		{AAD5DADC-2233-4060-BB56-F1F940077410}.Release|x64.ActiveCfg = Release|Any CPU
		{AAD5DADC-2233-4060-BB56-F1F940077410}.Release|x64.Build.0 = Release|Any CPU
		{AAD5DADC-2233-4060-BB56-F1F940077410}.Release|x86.ActiveCfg = Release|Any CPU
		{AAD5DADC-2233-4060-BB56-F1F940077410}.Release|x86.Build.0 = Release|Any CPU
		{21E223C0-1A3A-4710-AD55-7D84E63CD05C}.Debug|Any CPU.ActiveCfg = Debug|Any CPU
		{21E223C0-1A3A-4710-AD55-7D84E63CD05C}.Debug|Any CPU.Build.0 = Debug|Any CPU
		{21E223C0-1A3A-4710-AD55-7D84E63CD05C}.Debug|x64.ActiveCfg = Debug|Any CPU
		{21E223C0-1A3A-4710-AD55-7D84E63CD05C}.Debug|x64.Build.0 = Debug|Any CPU
		{21E223C0-1A3A-4710-AD55-7D84E63CD05C}.Debug|x86.ActiveCfg = Debug|Any CPU
		{21E223C0-1A3A-4710-AD55-7D84E63CD05C}.Debug|x86.Build.0 = Debug|Any CPU
		{21E223C0-1A3A-4710-AD55-7D84E63CD05C}.Release|Any CPU.ActiveCfg = Release|Any CPU
		{21E223C0-1A3A-4710-AD55-7D84E63CD05C}.Release|Any CPU.Build.0 = Release|Any CPU
		{21E223C0-1A3A-4710-AD55-7D84E63CD05C}.Release|x64.ActiveCfg = Release|Any CPU
		{21E223C0-1A3A-4710-AD55-7D84E63CD05C}.Release|x64.Build.0 = Release|Any CPU
		{21E223C0-1A3A-4710-AD55-7D84E63CD05C}.Release|x86.ActiveCfg = Release|Any CPU
		{21E223C0-1A3A-4710-AD55-7D84E63CD05C}.Release|x86.Build.0 = Release|Any CPU
		{3DD9A7FD-A67B-40EC-AB50-56CD434DF9D9}.Debug|Any CPU.ActiveCfg = Debug|Any CPU
		{3DD9A7FD-A67B-40EC-AB50-56CD434DF9D9}.Debug|Any CPU.Build.0 = Debug|Any CPU
		{3DD9A7FD-A67B-40EC-AB50-56CD434DF9D9}.Debug|x64.ActiveCfg = Debug|Any CPU
		{3DD9A7FD-A67B-40EC-AB50-56CD434DF9D9}.Debug|x64.Build.0 = Debug|Any CPU
		{3DD9A7FD-A67B-40EC-AB50-56CD434DF9D9}.Debug|x86.ActiveCfg = Debug|Any CPU
		{3DD9A7FD-A67B-40EC-AB50-56CD434DF9D9}.Debug|x86.Build.0 = Debug|Any CPU
		{3DD9A7FD-A67B-40EC-AB50-56CD434DF9D9}.Release|Any CPU.ActiveCfg = Release|Any CPU
		{3DD9A7FD-A67B-40EC-AB50-56CD434DF9D9}.Release|Any CPU.Build.0 = Release|Any CPU
		{3DD9A7FD-A67B-40EC-AB50-56CD434DF9D9}.Release|x64.ActiveCfg = Release|Any CPU
		{3DD9A7FD-A67B-40EC-AB50-56CD434DF9D9}.Release|x64.Build.0 = Release|Any CPU
		{3DD9A7FD-A67B-40EC-AB50-56CD434DF9D9}.Release|x86.ActiveCfg = Release|Any CPU
		{3DD9A7FD-A67B-40EC-AB50-56CD434DF9D9}.Release|x86.Build.0 = Release|Any CPU
		{1752562B-397A-4710-A2CE-4B4D08308716}.Debug|Any CPU.ActiveCfg = Debug|Any CPU
		{1752562B-397A-4710-A2CE-4B4D08308716}.Debug|Any CPU.Build.0 = Debug|Any CPU
		{1752562B-397A-4710-A2CE-4B4D08308716}.Debug|x64.ActiveCfg = Debug|Any CPU
		{1752562B-397A-4710-A2CE-4B4D08308716}.Debug|x64.Build.0 = Debug|Any CPU
		{1752562B-397A-4710-A2CE-4B4D08308716}.Debug|x86.ActiveCfg = Debug|Any CPU
		{1752562B-397A-4710-A2CE-4B4D08308716}.Debug|x86.Build.0 = Debug|Any CPU
		{1752562B-397A-4710-A2CE-4B4D08308716}.Release|Any CPU.ActiveCfg = Release|Any CPU
		{1752562B-397A-4710-A2CE-4B4D08308716}.Release|Any CPU.Build.0 = Release|Any CPU
		{1752562B-397A-4710-A2CE-4B4D08308716}.Release|x64.ActiveCfg = Release|Any CPU
		{1752562B-397A-4710-A2CE-4B4D08308716}.Release|x64.Build.0 = Release|Any CPU
		{1752562B-397A-4710-A2CE-4B4D08308716}.Release|x86.ActiveCfg = Release|Any CPU
		{1752562B-397A-4710-A2CE-4B4D08308716}.Release|x86.Build.0 = Release|Any CPU
		{AD7C54D1-C5B7-4430-8511-A410B782B209}.Debug|Any CPU.ActiveCfg = Debug|Any CPU
		{AD7C54D1-C5B7-4430-8511-A410B782B209}.Debug|Any CPU.Build.0 = Debug|Any CPU
		{AD7C54D1-C5B7-4430-8511-A410B782B209}.Debug|x64.ActiveCfg = Debug|Any CPU
		{AD7C54D1-C5B7-4430-8511-A410B782B209}.Debug|x64.Build.0 = Debug|Any CPU
		{AD7C54D1-C5B7-4430-8511-A410B782B209}.Debug|x86.ActiveCfg = Debug|Any CPU
		{AD7C54D1-C5B7-4430-8511-A410B782B209}.Debug|x86.Build.0 = Debug|Any CPU
		{AD7C54D1-C5B7-4430-8511-A410B782B209}.Release|Any CPU.ActiveCfg = Release|Any CPU
		{AD7C54D1-C5B7-4430-8511-A410B782B209}.Release|Any CPU.Build.0 = Release|Any CPU
		{AD7C54D1-C5B7-4430-8511-A410B782B209}.Release|x64.ActiveCfg = Release|Any CPU
		{AD7C54D1-C5B7-4430-8511-A410B782B209}.Release|x64.Build.0 = Release|Any CPU
		{AD7C54D1-C5B7-4430-8511-A410B782B209}.Release|x86.ActiveCfg = Release|Any CPU
		{AD7C54D1-C5B7-4430-8511-A410B782B209}.Release|x86.Build.0 = Release|Any CPU
		{68D02202-554A-4C59-B052-45ADA25DDC8B}.Debug|Any CPU.ActiveCfg = Debug|Any CPU
		{68D02202-554A-4C59-B052-45ADA25DDC8B}.Debug|Any CPU.Build.0 = Debug|Any CPU
		{68D02202-554A-4C59-B052-45ADA25DDC8B}.Debug|x64.ActiveCfg = Debug|Any CPU
		{68D02202-554A-4C59-B052-45ADA25DDC8B}.Debug|x64.Build.0 = Debug|Any CPU
		{68D02202-554A-4C59-B052-45ADA25DDC8B}.Debug|x86.ActiveCfg = Debug|Any CPU
		{68D02202-554A-4C59-B052-45ADA25DDC8B}.Debug|x86.Build.0 = Debug|Any CPU
		{68D02202-554A-4C59-B052-45ADA25DDC8B}.Release|Any CPU.ActiveCfg = Release|Any CPU
		{68D02202-554A-4C59-B052-45ADA25DDC8B}.Release|Any CPU.Build.0 = Release|Any CPU
		{68D02202-554A-4C59-B052-45ADA25DDC8B}.Release|x64.ActiveCfg = Release|Any CPU
		{68D02202-554A-4C59-B052-45ADA25DDC8B}.Release|x64.Build.0 = Release|Any CPU
		{68D02202-554A-4C59-B052-45ADA25DDC8B}.Release|x86.ActiveCfg = Release|Any CPU
		{68D02202-554A-4C59-B052-45ADA25DDC8B}.Release|x86.Build.0 = Release|Any CPU
		{6BEEF189-1095-4AD8-93BC-BF057249494A}.Debug|Any CPU.ActiveCfg = Debug|Any CPU
		{6BEEF189-1095-4AD8-93BC-BF057249494A}.Debug|Any CPU.Build.0 = Debug|Any CPU
		{6BEEF189-1095-4AD8-93BC-BF057249494A}.Debug|x64.ActiveCfg = Debug|Any CPU
		{6BEEF189-1095-4AD8-93BC-BF057249494A}.Debug|x64.Build.0 = Debug|Any CPU
		{6BEEF189-1095-4AD8-93BC-BF057249494A}.Debug|x86.ActiveCfg = Debug|Any CPU
		{6BEEF189-1095-4AD8-93BC-BF057249494A}.Debug|x86.Build.0 = Debug|Any CPU
		{6BEEF189-1095-4AD8-93BC-BF057249494A}.Release|Any CPU.ActiveCfg = Release|Any CPU
		{6BEEF189-1095-4AD8-93BC-BF057249494A}.Release|Any CPU.Build.0 = Release|Any CPU
		{6BEEF189-1095-4AD8-93BC-BF057249494A}.Release|x64.ActiveCfg = Release|Any CPU
		{6BEEF189-1095-4AD8-93BC-BF057249494A}.Release|x64.Build.0 = Release|Any CPU
		{6BEEF189-1095-4AD8-93BC-BF057249494A}.Release|x86.ActiveCfg = Release|Any CPU
		{6BEEF189-1095-4AD8-93BC-BF057249494A}.Release|x86.Build.0 = Release|Any CPU
		{B6FFDF54-B564-43D8-B37E-9F56B14D0B1C}.Debug|Any CPU.ActiveCfg = Debug|Any CPU
		{B6FFDF54-B564-43D8-B37E-9F56B14D0B1C}.Debug|Any CPU.Build.0 = Debug|Any CPU
		{B6FFDF54-B564-43D8-B37E-9F56B14D0B1C}.Debug|x64.ActiveCfg = Debug|Any CPU
		{B6FFDF54-B564-43D8-B37E-9F56B14D0B1C}.Debug|x64.Build.0 = Debug|Any CPU
		{B6FFDF54-B564-43D8-B37E-9F56B14D0B1C}.Debug|x86.ActiveCfg = Debug|Any CPU
		{B6FFDF54-B564-43D8-B37E-9F56B14D0B1C}.Debug|x86.Build.0 = Debug|Any CPU
		{B6FFDF54-B564-43D8-B37E-9F56B14D0B1C}.Release|Any CPU.ActiveCfg = Release|Any CPU
		{B6FFDF54-B564-43D8-B37E-9F56B14D0B1C}.Release|Any CPU.Build.0 = Release|Any CPU
		{B6FFDF54-B564-43D8-B37E-9F56B14D0B1C}.Release|x64.ActiveCfg = Release|Any CPU
		{B6FFDF54-B564-43D8-B37E-9F56B14D0B1C}.Release|x64.Build.0 = Release|Any CPU
		{B6FFDF54-B564-43D8-B37E-9F56B14D0B1C}.Release|x86.ActiveCfg = Release|Any CPU
		{B6FFDF54-B564-43D8-B37E-9F56B14D0B1C}.Release|x86.Build.0 = Release|Any CPU
		{B4BBCA2E-B233-47AE-B724-957079F54CBC}.Debug|Any CPU.ActiveCfg = Debug|Any CPU
		{B4BBCA2E-B233-47AE-B724-957079F54CBC}.Debug|Any CPU.Build.0 = Debug|Any CPU
		{B4BBCA2E-B233-47AE-B724-957079F54CBC}.Debug|x64.ActiveCfg = Debug|Any CPU
		{B4BBCA2E-B233-47AE-B724-957079F54CBC}.Debug|x64.Build.0 = Debug|Any CPU
		{B4BBCA2E-B233-47AE-B724-957079F54CBC}.Debug|x86.ActiveCfg = Debug|Any CPU
		{B4BBCA2E-B233-47AE-B724-957079F54CBC}.Debug|x86.Build.0 = Debug|Any CPU
		{B4BBCA2E-B233-47AE-B724-957079F54CBC}.Release|Any CPU.ActiveCfg = Release|Any CPU
		{B4BBCA2E-B233-47AE-B724-957079F54CBC}.Release|Any CPU.Build.0 = Release|Any CPU
		{B4BBCA2E-B233-47AE-B724-957079F54CBC}.Release|x64.ActiveCfg = Release|Any CPU
		{B4BBCA2E-B233-47AE-B724-957079F54CBC}.Release|x64.Build.0 = Release|Any CPU
		{B4BBCA2E-B233-47AE-B724-957079F54CBC}.Release|x86.ActiveCfg = Release|Any CPU
		{B4BBCA2E-B233-47AE-B724-957079F54CBC}.Release|x86.Build.0 = Release|Any CPU
		{16D8712D-8BE7-431C-9AF2-DF193DD0412A}.Debug|Any CPU.ActiveCfg = Debug|Any CPU
		{16D8712D-8BE7-431C-9AF2-DF193DD0412A}.Debug|Any CPU.Build.0 = Debug|Any CPU
		{16D8712D-8BE7-431C-9AF2-DF193DD0412A}.Debug|x64.ActiveCfg = Debug|Any CPU
		{16D8712D-8BE7-431C-9AF2-DF193DD0412A}.Debug|x64.Build.0 = Debug|Any CPU
		{16D8712D-8BE7-431C-9AF2-DF193DD0412A}.Debug|x86.ActiveCfg = Debug|Any CPU
		{16D8712D-8BE7-431C-9AF2-DF193DD0412A}.Debug|x86.Build.0 = Debug|Any CPU
		{16D8712D-8BE7-431C-9AF2-DF193DD0412A}.Release|Any CPU.ActiveCfg = Release|Any CPU
		{16D8712D-8BE7-431C-9AF2-DF193DD0412A}.Release|Any CPU.Build.0 = Release|Any CPU
		{16D8712D-8BE7-431C-9AF2-DF193DD0412A}.Release|x64.ActiveCfg = Release|Any CPU
		{16D8712D-8BE7-431C-9AF2-DF193DD0412A}.Release|x64.Build.0 = Release|Any CPU
		{16D8712D-8BE7-431C-9AF2-DF193DD0412A}.Release|x86.ActiveCfg = Release|Any CPU
		{16D8712D-8BE7-431C-9AF2-DF193DD0412A}.Release|x86.Build.0 = Release|Any CPU
		{B9CEBACF-8E9E-4E06-AAA2-B24967E9187C}.Debug|Any CPU.ActiveCfg = Debug|Any CPU
		{B9CEBACF-8E9E-4E06-AAA2-B24967E9187C}.Debug|Any CPU.Build.0 = Debug|Any CPU
		{B9CEBACF-8E9E-4E06-AAA2-B24967E9187C}.Debug|x64.ActiveCfg = Debug|Any CPU
		{B9CEBACF-8E9E-4E06-AAA2-B24967E9187C}.Debug|x64.Build.0 = Debug|Any CPU
		{B9CEBACF-8E9E-4E06-AAA2-B24967E9187C}.Debug|x86.ActiveCfg = Debug|Any CPU
		{B9CEBACF-8E9E-4E06-AAA2-B24967E9187C}.Debug|x86.Build.0 = Debug|Any CPU
		{B9CEBACF-8E9E-4E06-AAA2-B24967E9187C}.Release|Any CPU.ActiveCfg = Release|Any CPU
		{B9CEBACF-8E9E-4E06-AAA2-B24967E9187C}.Release|Any CPU.Build.0 = Release|Any CPU
		{B9CEBACF-8E9E-4E06-AAA2-B24967E9187C}.Release|x64.ActiveCfg = Release|Any CPU
		{B9CEBACF-8E9E-4E06-AAA2-B24967E9187C}.Release|x64.Build.0 = Release|Any CPU
		{B9CEBACF-8E9E-4E06-AAA2-B24967E9187C}.Release|x86.ActiveCfg = Release|Any CPU
		{B9CEBACF-8E9E-4E06-AAA2-B24967E9187C}.Release|x86.Build.0 = Release|Any CPU
		{D9A3C3A9-65FB-44EF-AF86-707197EB927F}.Debug|Any CPU.ActiveCfg = Debug|Any CPU
		{D9A3C3A9-65FB-44EF-AF86-707197EB927F}.Debug|Any CPU.Build.0 = Debug|Any CPU
		{D9A3C3A9-65FB-44EF-AF86-707197EB927F}.Debug|x64.ActiveCfg = Debug|Any CPU
		{D9A3C3A9-65FB-44EF-AF86-707197EB927F}.Debug|x64.Build.0 = Debug|Any CPU
		{D9A3C3A9-65FB-44EF-AF86-707197EB927F}.Debug|x86.ActiveCfg = Debug|Any CPU
		{D9A3C3A9-65FB-44EF-AF86-707197EB927F}.Debug|x86.Build.0 = Debug|Any CPU
		{D9A3C3A9-65FB-44EF-AF86-707197EB927F}.Release|Any CPU.ActiveCfg = Release|Any CPU
		{D9A3C3A9-65FB-44EF-AF86-707197EB927F}.Release|Any CPU.Build.0 = Release|Any CPU
		{D9A3C3A9-65FB-44EF-AF86-707197EB927F}.Release|x64.ActiveCfg = Release|Any CPU
		{D9A3C3A9-65FB-44EF-AF86-707197EB927F}.Release|x64.Build.0 = Release|Any CPU
		{D9A3C3A9-65FB-44EF-AF86-707197EB927F}.Release|x86.ActiveCfg = Release|Any CPU
		{D9A3C3A9-65FB-44EF-AF86-707197EB927F}.Release|x86.Build.0 = Release|Any CPU
		{478259F4-7E31-4F6D-B010-F3222499A764}.Debug|Any CPU.ActiveCfg = Debug|Any CPU
		{478259F4-7E31-4F6D-B010-F3222499A764}.Debug|Any CPU.Build.0 = Debug|Any CPU
		{478259F4-7E31-4F6D-B010-F3222499A764}.Debug|x64.ActiveCfg = Debug|Any CPU
		{478259F4-7E31-4F6D-B010-F3222499A764}.Debug|x64.Build.0 = Debug|Any CPU
		{478259F4-7E31-4F6D-B010-F3222499A764}.Debug|x86.ActiveCfg = Debug|Any CPU
		{478259F4-7E31-4F6D-B010-F3222499A764}.Debug|x86.Build.0 = Debug|Any CPU
		{478259F4-7E31-4F6D-B010-F3222499A764}.Release|Any CPU.ActiveCfg = Release|Any CPU
		{478259F4-7E31-4F6D-B010-F3222499A764}.Release|Any CPU.Build.0 = Release|Any CPU
		{478259F4-7E31-4F6D-B010-F3222499A764}.Release|x64.ActiveCfg = Release|Any CPU
		{478259F4-7E31-4F6D-B010-F3222499A764}.Release|x64.Build.0 = Release|Any CPU
		{478259F4-7E31-4F6D-B010-F3222499A764}.Release|x86.ActiveCfg = Release|Any CPU
		{478259F4-7E31-4F6D-B010-F3222499A764}.Release|x86.Build.0 = Release|Any CPU
		{1E3DE662-B7C1-47AA-BCAB-822070F18D28}.Debug|Any CPU.ActiveCfg = Debug|Any CPU
		{1E3DE662-B7C1-47AA-BCAB-822070F18D28}.Debug|Any CPU.Build.0 = Debug|Any CPU
		{1E3DE662-B7C1-47AA-BCAB-822070F18D28}.Debug|x64.ActiveCfg = Debug|Any CPU
		{1E3DE662-B7C1-47AA-BCAB-822070F18D28}.Debug|x64.Build.0 = Debug|Any CPU
		{1E3DE662-B7C1-47AA-BCAB-822070F18D28}.Debug|x86.ActiveCfg = Debug|Any CPU
		{1E3DE662-B7C1-47AA-BCAB-822070F18D28}.Debug|x86.Build.0 = Debug|Any CPU
		{1E3DE662-B7C1-47AA-BCAB-822070F18D28}.Release|Any CPU.ActiveCfg = Release|Any CPU
		{1E3DE662-B7C1-47AA-BCAB-822070F18D28}.Release|Any CPU.Build.0 = Release|Any CPU
		{1E3DE662-B7C1-47AA-BCAB-822070F18D28}.Release|x64.ActiveCfg = Release|Any CPU
		{1E3DE662-B7C1-47AA-BCAB-822070F18D28}.Release|x64.Build.0 = Release|Any CPU
		{1E3DE662-B7C1-47AA-BCAB-822070F18D28}.Release|x86.ActiveCfg = Release|Any CPU
		{1E3DE662-B7C1-47AA-BCAB-822070F18D28}.Release|x86.Build.0 = Release|Any CPU
		{D2830173-44A4-46C0-9ACD-6789B602458A}.Debug|Any CPU.ActiveCfg = Debug|Any CPU
		{D2830173-44A4-46C0-9ACD-6789B602458A}.Debug|Any CPU.Build.0 = Debug|Any CPU
		{D2830173-44A4-46C0-9ACD-6789B602458A}.Debug|x64.ActiveCfg = Debug|Any CPU
		{D2830173-44A4-46C0-9ACD-6789B602458A}.Debug|x64.Build.0 = Debug|Any CPU
		{D2830173-44A4-46C0-9ACD-6789B602458A}.Debug|x86.ActiveCfg = Debug|Any CPU
		{D2830173-44A4-46C0-9ACD-6789B602458A}.Debug|x86.Build.0 = Debug|Any CPU
		{D2830173-44A4-46C0-9ACD-6789B602458A}.Release|Any CPU.ActiveCfg = Release|Any CPU
		{D2830173-44A4-46C0-9ACD-6789B602458A}.Release|Any CPU.Build.0 = Release|Any CPU
		{D2830173-44A4-46C0-9ACD-6789B602458A}.Release|x64.ActiveCfg = Release|Any CPU
		{D2830173-44A4-46C0-9ACD-6789B602458A}.Release|x64.Build.0 = Release|Any CPU
		{D2830173-44A4-46C0-9ACD-6789B602458A}.Release|x86.ActiveCfg = Release|Any CPU
		{D2830173-44A4-46C0-9ACD-6789B602458A}.Release|x86.Build.0 = Release|Any CPU
		{E9A8DC46-D297-47F2-A70B-D0A9031AE4D7}.Debug|Any CPU.ActiveCfg = Debug|Any CPU
		{E9A8DC46-D297-47F2-A70B-D0A9031AE4D7}.Debug|Any CPU.Build.0 = Debug|Any CPU
		{E9A8DC46-D297-47F2-A70B-D0A9031AE4D7}.Debug|x64.ActiveCfg = Debug|Any CPU
		{E9A8DC46-D297-47F2-A70B-D0A9031AE4D7}.Debug|x64.Build.0 = Debug|Any CPU
		{E9A8DC46-D297-47F2-A70B-D0A9031AE4D7}.Debug|x86.ActiveCfg = Debug|Any CPU
		{E9A8DC46-D297-47F2-A70B-D0A9031AE4D7}.Debug|x86.Build.0 = Debug|Any CPU
		{E9A8DC46-D297-47F2-A70B-D0A9031AE4D7}.Release|Any CPU.ActiveCfg = Release|Any CPU
		{E9A8DC46-D297-47F2-A70B-D0A9031AE4D7}.Release|Any CPU.Build.0 = Release|Any CPU
		{E9A8DC46-D297-47F2-A70B-D0A9031AE4D7}.Release|x64.ActiveCfg = Release|Any CPU
		{E9A8DC46-D297-47F2-A70B-D0A9031AE4D7}.Release|x64.Build.0 = Release|Any CPU
		{E9A8DC46-D297-47F2-A70B-D0A9031AE4D7}.Release|x86.ActiveCfg = Release|Any CPU
		{E9A8DC46-D297-47F2-A70B-D0A9031AE4D7}.Release|x86.Build.0 = Release|Any CPU
		{C3BB0B46-D0F7-425D-98AE-D16E025B8913}.Debug|Any CPU.ActiveCfg = Debug|Any CPU
		{C3BB0B46-D0F7-425D-98AE-D16E025B8913}.Debug|Any CPU.Build.0 = Debug|Any CPU
		{C3BB0B46-D0F7-425D-98AE-D16E025B8913}.Debug|x64.ActiveCfg = Debug|Any CPU
		{C3BB0B46-D0F7-425D-98AE-D16E025B8913}.Debug|x64.Build.0 = Debug|Any CPU
		{C3BB0B46-D0F7-425D-98AE-D16E025B8913}.Debug|x86.ActiveCfg = Debug|Any CPU
		{C3BB0B46-D0F7-425D-98AE-D16E025B8913}.Debug|x86.Build.0 = Debug|Any CPU
		{C3BB0B46-D0F7-425D-98AE-D16E025B8913}.Release|Any CPU.ActiveCfg = Release|Any CPU
		{C3BB0B46-D0F7-425D-98AE-D16E025B8913}.Release|Any CPU.Build.0 = Release|Any CPU
		{C3BB0B46-D0F7-425D-98AE-D16E025B8913}.Release|x64.ActiveCfg = Release|Any CPU
		{C3BB0B46-D0F7-425D-98AE-D16E025B8913}.Release|x64.Build.0 = Release|Any CPU
		{C3BB0B46-D0F7-425D-98AE-D16E025B8913}.Release|x86.ActiveCfg = Release|Any CPU
		{C3BB0B46-D0F7-425D-98AE-D16E025B8913}.Release|x86.Build.0 = Release|Any CPU
		{4E71FB9C-B0E0-4F35-9A61-F266BE103013}.Debug|Any CPU.ActiveCfg = Debug|Any CPU
		{4E71FB9C-B0E0-4F35-9A61-F266BE103013}.Debug|Any CPU.Build.0 = Debug|Any CPU
		{4E71FB9C-B0E0-4F35-9A61-F266BE103013}.Debug|x64.ActiveCfg = Debug|Any CPU
		{4E71FB9C-B0E0-4F35-9A61-F266BE103013}.Debug|x64.Build.0 = Debug|Any CPU
		{4E71FB9C-B0E0-4F35-9A61-F266BE103013}.Debug|x86.ActiveCfg = Debug|Any CPU
		{4E71FB9C-B0E0-4F35-9A61-F266BE103013}.Debug|x86.Build.0 = Debug|Any CPU
		{4E71FB9C-B0E0-4F35-9A61-F266BE103013}.Release|Any CPU.ActiveCfg = Release|Any CPU
		{4E71FB9C-B0E0-4F35-9A61-F266BE103013}.Release|Any CPU.Build.0 = Release|Any CPU
		{4E71FB9C-B0E0-4F35-9A61-F266BE103013}.Release|x64.ActiveCfg = Release|Any CPU
		{4E71FB9C-B0E0-4F35-9A61-F266BE103013}.Release|x64.Build.0 = Release|Any CPU
		{4E71FB9C-B0E0-4F35-9A61-F266BE103013}.Release|x86.ActiveCfg = Release|Any CPU
		{4E71FB9C-B0E0-4F35-9A61-F266BE103013}.Release|x86.Build.0 = Release|Any CPU
		{D9DBB54B-6527-41C2-83EC-9B84D32846A4}.Debug|Any CPU.ActiveCfg = Debug|Any CPU
		{D9DBB54B-6527-41C2-83EC-9B84D32846A4}.Debug|Any CPU.Build.0 = Debug|Any CPU
		{D9DBB54B-6527-41C2-83EC-9B84D32846A4}.Debug|x64.ActiveCfg = Debug|Any CPU
		{D9DBB54B-6527-41C2-83EC-9B84D32846A4}.Debug|x64.Build.0 = Debug|Any CPU
		{D9DBB54B-6527-41C2-83EC-9B84D32846A4}.Debug|x86.ActiveCfg = Debug|Any CPU
		{D9DBB54B-6527-41C2-83EC-9B84D32846A4}.Debug|x86.Build.0 = Debug|Any CPU
		{D9DBB54B-6527-41C2-83EC-9B84D32846A4}.Release|Any CPU.ActiveCfg = Release|Any CPU
		{D9DBB54B-6527-41C2-83EC-9B84D32846A4}.Release|Any CPU.Build.0 = Release|Any CPU
		{D9DBB54B-6527-41C2-83EC-9B84D32846A4}.Release|x64.ActiveCfg = Release|Any CPU
		{D9DBB54B-6527-41C2-83EC-9B84D32846A4}.Release|x64.Build.0 = Release|Any CPU
		{D9DBB54B-6527-41C2-83EC-9B84D32846A4}.Release|x86.ActiveCfg = Release|Any CPU
		{D9DBB54B-6527-41C2-83EC-9B84D32846A4}.Release|x86.Build.0 = Release|Any CPU
	EndGlobalSection
	GlobalSection(SolutionProperties) = preSolution
		HideSolutionNode = FALSE
	EndGlobalSection
	GlobalSection(NestedProjects) = preSolution
		{AAD5DADC-2233-4060-BB56-F1F940077410} = {D913614C-BA72-4882-8BDB-09E034D101E9}
		{21E223C0-1A3A-4710-AD55-7D84E63CD05C} = {D913614C-BA72-4882-8BDB-09E034D101E9}
		{3DD9A7FD-A67B-40EC-AB50-56CD434DF9D9} = {D913614C-BA72-4882-8BDB-09E034D101E9}
		{1752562B-397A-4710-A2CE-4B4D08308716} = {D913614C-BA72-4882-8BDB-09E034D101E9}
		{AD7C54D1-C5B7-4430-8511-A410B782B209} = {D913614C-BA72-4882-8BDB-09E034D101E9}
		{68D02202-554A-4C59-B052-45ADA25DDC8B} = {D913614C-BA72-4882-8BDB-09E034D101E9}
		{6BEEF189-1095-4AD8-93BC-BF057249494A} = {D913614C-BA72-4882-8BDB-09E034D101E9}
		{B6FFDF54-B564-43D8-B37E-9F56B14D0B1C} = {D913614C-BA72-4882-8BDB-09E034D101E9}
		{B4BBCA2E-B233-47AE-B724-957079F54CBC} = {D913614C-BA72-4882-8BDB-09E034D101E9}
		{16D8712D-8BE7-431C-9AF2-DF193DD0412A} = {D913614C-BA72-4882-8BDB-09E034D101E9}
		{B9CEBACF-8E9E-4E06-AAA2-B24967E9187C} = {D913614C-BA72-4882-8BDB-09E034D101E9}
		{D9A3C3A9-65FB-44EF-AF86-707197EB927F} = {D913614C-BA72-4882-8BDB-09E034D101E9}
		{478259F4-7E31-4F6D-B010-F3222499A764} = {D913614C-BA72-4882-8BDB-09E034D101E9}
		{1E3DE662-B7C1-47AA-BCAB-822070F18D28} = {D913614C-BA72-4882-8BDB-09E034D101E9}
		{D2830173-44A4-46C0-9ACD-6789B602458A} = {D913614C-BA72-4882-8BDB-09E034D101E9}
		{E9A8DC46-D297-47F2-A70B-D0A9031AE4D7} = {D913614C-BA72-4882-8BDB-09E034D101E9}
		{C3BB0B46-D0F7-425D-98AE-D16E025B8913} = {D913614C-BA72-4882-8BDB-09E034D101E9}
		{D9DBB54B-6527-41C2-83EC-9B84D32846A4} = {D913614C-BA72-4882-8BDB-09E034D101E9}
	EndGlobalSection
	GlobalSection(ExtensibilityGlobals) = postSolution
		SolutionGuid = {C0344F09-7107-48DB-A9FE-9330B27094C7}
	EndGlobalSection
EndGlobal
