
Microsoft Visual Studio Solution File, Format Version 12.00
# Visual Studio Version 16
VisualStudioVersion = 16.6.30114.105
MinimumVisualStudioVersion = 10.0.40219.1
Project("{9A19103F-16F7-4668-BE54-9A1E7A4F7556}") = "R5T.D0099.Base", "R5T.D0099.Base\R5T.D0099.Base.csproj", "{FE53F848-306F-40B1-ACE9-1A397A726617}"
EndProject
Project("{2150E333-8FDC-42A3-9474-1A3956D46DE8}") = "_Dependencies", "_Dependencies", "{2802FE93-7F96-4E29-96E2-50BC76714700}"
EndProject
Project("{9A19103F-16F7-4668-BE54-9A1E7A4F7556}") = "R5T.D0099.I001", "R5T.D0099.I001\R5T.D0099.I001.csproj", "{5638CF74-8A7B-4723-ABCA-D540CF05BDFB}"
EndProject
Project("{9A19103F-16F7-4668-BE54-9A1E7A4F7556}") = "R5T.T0064", "..\..\R5T.T0064\source\R5T.T0064\R5T.T0064.csproj", "{91FD1C7A-1302-47EB-999B-51AC70CE5FED}"
EndProject
Project("{9A19103F-16F7-4668-BE54-9A1E7A4F7556}") = "R5T.T0091", "..\..\R5T.T0091\source\R5T.T0091\R5T.T0091.csproj", "{B35BC690-DDEE-42DD-8A6C-3BA58B54D262}"
EndProject
Project("{9A19103F-16F7-4668-BE54-9A1E7A4F7556}") = "R5T.D0099.D001.Base", "R5T.D0099.D001.Base\R5T.D0099.D001.Base.csproj", "{60FC7843-3AAA-43D5-972B-FED5E377C5ED}"
EndProject
Project("{9A19103F-16F7-4668-BE54-9A1E7A4F7556}") = "R5T.Magyar", "..\..\R5T.Magyar\source\R5T.Magyar\R5T.Magyar.csproj", "{6857E06E-2B9E-430F-8308-3CBD9BD88CBF}"
EndProject
Project("{9A19103F-16F7-4668-BE54-9A1E7A4F7556}") = "R5T.D0099.D001.I002", "R5T.D0099.D001.I002\R5T.D0099.D001.I002.csproj", "{9D35264C-E571-498D-8F7F-176258CD5FAA}"
EndProject
Project("{9A19103F-16F7-4668-BE54-9A1E7A4F7556}") = "R5T.D0081.Base", "..\..\R5T.D0081\source\R5T.D0081.Base\R5T.D0081.Base.csproj", "{66155BDF-3D39-463B-8D24-3BBE26A4B7B5}"
EndProject
Project("{9A19103F-16F7-4668-BE54-9A1E7A4F7556}") = "R5T.T0062.X001", "..\..\R5T.T0062\source\R5T.T0062.X001\R5T.T0062.X001.csproj", "{47540878-4E73-4E0D-B677-11DACA967D92}"
EndProject
Project("{9A19103F-16F7-4668-BE54-9A1E7A4F7556}") = "R5T.D0099.D002.Base", "R5T.D0099.D002.Base\R5T.D0099.D002.Base.csproj", "{45C880D0-ED63-4E15-83F8-1CDEA7B966E2}"
EndProject
Project("{9A19103F-16F7-4668-BE54-9A1E7A4F7556}") = "R5T.D0099.T001", "R5T.D0099.T001\R5T.D0099.T001.csproj", "{D212C75E-72D8-48AE-9AA1-C6AE1105BB1E}"
EndProject
Project("{9A19103F-16F7-4668-BE54-9A1E7A4F7556}") = "R5T.D0099.D003.Base", "R5T.D0099.D003.Base\R5T.D0099.D003.Base.csproj", "{6D85393D-3F35-4C31-B03E-2FD3898361A1}"
EndProject
Project("{9A19103F-16F7-4668-BE54-9A1E7A4F7556}") = "R5T.D0099.D003.I001", "R5T.D0099.D003.I001\R5T.D0099.D003.I001.csproj", "{A17C1790-EE32-4162-91E4-DD4577E69676}"
EndProject
Project("{9A19103F-16F7-4668-BE54-9A1E7A4F7556}") = "R5T.D0099.D002.I001", "R5T.D0099.D002.I001\R5T.D0099.D002.I001.csproj", "{76B1CEE0-678D-41A4-8E8C-F2216F94D12E}"
EndProject
Project("{9A19103F-16F7-4668-BE54-9A1E7A4F7556}") = "R5T.D0099.D002.I002", "R5T.D0099.D002.I002\R5T.D0099.D002.I002.csproj", "{778701C1-C859-47FC-AF70-5EAA95A64525}"
EndProject
Project("{9A19103F-16F7-4668-BE54-9A1E7A4F7556}") = "R5T.L0017", "..\..\R5T.L0017\source\R5T.L0017\R5T.L0017.csproj", "{86DBAE23-B5C1-4D89-8A8B-D6901E4142C3}"
EndProject
Project("{9A19103F-16F7-4668-BE54-9A1E7A4F7556}") = "R5T.D0096.Base", "..\..\R5T.D0096\source\R5T.D0096.Base\R5T.D0096.Base.csproj", "{EBF0DAC6-39CF-4DD7-B51F-76AEA8B087F1}"
EndProject
Project("{9A19103F-16F7-4668-BE54-9A1E7A4F7556}") = "R5T.D0098.Base", "..\..\R5T.D0098\source\R5T.D0098.Base\R5T.D0098.Base.csproj", "{CA4335D2-7D37-49AE-BA06-C1803EE7FC81}"
EndProject
Project("{9A19103F-16F7-4668-BE54-9A1E7A4F7556}") = "R5T.T0063", "..\..\R5T.T0063\source\R5T.T0063\R5T.T0063.csproj", "{8087BE6B-08B1-44B9-B19E-DE07E88210B2}"
EndProject
Project("{9A19103F-16F7-4668-BE54-9A1E7A4F7556}") = "R5T.L0013", "..\..\R5T.L0013\source\R5T.L0013\R5T.L0013.csproj", "{82F8BE4B-6995-4DF6-A811-B81ECF3DE6A1}"
EndProject
Project("{9A19103F-16F7-4668-BE54-9A1E7A4F7556}") = "R5T.T0062", "..\..\R5T.T0062\source\R5T.T0062\R5T.T0062.csproj", "{622D71B4-7091-4BCD-89A2-FDD60112901F}"
EndProject
Project("{9A19103F-16F7-4668-BE54-9A1E7A4F7556}") = "R5T.T0039.T002", "..\..\R5T.T0039\source\R5T.T0039.T002\R5T.T0039.T002.csproj", "{82FB62CA-D31B-4215-9A70-DBD32ED2CA90}"
EndProject
Project("{9A19103F-16F7-4668-BE54-9A1E7A4F7556}") = "R5T.D0097.Base", "..\..\R5T.D0097\source\R5T.D0097.Base\R5T.D0097.Base.csproj", "{2F718BB2-1983-4C73-B7A0-0C317BB0B8AC}"
EndProject
Project("{9A19103F-16F7-4668-BE54-9A1E7A4F7556}") = "R5T.L0019", "..\..\R5T.L0019\source\R5T.L0019\R5T.L0019.csproj", "{51D1EED4-A631-4DC6-B66A-BDEBBE4E65A6}"
EndProject
Global
	GlobalSection(SolutionConfigurationPlatforms) = preSolution
		Debug|Any CPU = Debug|Any CPU
		Debug|x64 = Debug|x64
		Debug|x86 = Debug|x86
		Release|Any CPU = Release|Any CPU
		Release|x64 = Release|x64
		Release|x86 = Release|x86
	EndGlobalSection
	GlobalSection(ProjectConfigurationPlatforms) = postSolution
		{FE53F848-306F-40B1-ACE9-1A397A726617}.Debug|Any CPU.ActiveCfg = Debug|Any CPU
		{FE53F848-306F-40B1-ACE9-1A397A726617}.Debug|Any CPU.Build.0 = Debug|Any CPU
		{FE53F848-306F-40B1-ACE9-1A397A726617}.Debug|x64.ActiveCfg = Debug|Any CPU
		{FE53F848-306F-40B1-ACE9-1A397A726617}.Debug|x64.Build.0 = Debug|Any CPU
		{FE53F848-306F-40B1-ACE9-1A397A726617}.Debug|x86.ActiveCfg = Debug|Any CPU
		{FE53F848-306F-40B1-ACE9-1A397A726617}.Debug|x86.Build.0 = Debug|Any CPU
		{FE53F848-306F-40B1-ACE9-1A397A726617}.Release|Any CPU.ActiveCfg = Release|Any CPU
		{FE53F848-306F-40B1-ACE9-1A397A726617}.Release|Any CPU.Build.0 = Release|Any CPU
		{FE53F848-306F-40B1-ACE9-1A397A726617}.Release|x64.ActiveCfg = Release|Any CPU
		{FE53F848-306F-40B1-ACE9-1A397A726617}.Release|x64.Build.0 = Release|Any CPU
		{FE53F848-306F-40B1-ACE9-1A397A726617}.Release|x86.ActiveCfg = Release|Any CPU
		{FE53F848-306F-40B1-ACE9-1A397A726617}.Release|x86.Build.0 = Release|Any CPU
		{5638CF74-8A7B-4723-ABCA-D540CF05BDFB}.Debug|Any CPU.ActiveCfg = Debug|Any CPU
		{5638CF74-8A7B-4723-ABCA-D540CF05BDFB}.Debug|Any CPU.Build.0 = Debug|Any CPU
		{5638CF74-8A7B-4723-ABCA-D540CF05BDFB}.Debug|x64.ActiveCfg = Debug|Any CPU
		{5638CF74-8A7B-4723-ABCA-D540CF05BDFB}.Debug|x64.Build.0 = Debug|Any CPU
		{5638CF74-8A7B-4723-ABCA-D540CF05BDFB}.Debug|x86.ActiveCfg = Debug|Any CPU
		{5638CF74-8A7B-4723-ABCA-D540CF05BDFB}.Debug|x86.Build.0 = Debug|Any CPU
		{5638CF74-8A7B-4723-ABCA-D540CF05BDFB}.Release|Any CPU.ActiveCfg = Release|Any CPU
		{5638CF74-8A7B-4723-ABCA-D540CF05BDFB}.Release|Any CPU.Build.0 = Release|Any CPU
		{5638CF74-8A7B-4723-ABCA-D540CF05BDFB}.Release|x64.ActiveCfg = Release|Any CPU
		{5638CF74-8A7B-4723-ABCA-D540CF05BDFB}.Release|x64.Build.0 = Release|Any CPU
		{5638CF74-8A7B-4723-ABCA-D540CF05BDFB}.Release|x86.ActiveCfg = Release|Any CPU
		{5638CF74-8A7B-4723-ABCA-D540CF05BDFB}.Release|x86.Build.0 = Release|Any CPU
		{91FD1C7A-1302-47EB-999B-51AC70CE5FED}.Debug|Any CPU.ActiveCfg = Debug|Any CPU
		{91FD1C7A-1302-47EB-999B-51AC70CE5FED}.Debug|Any CPU.Build.0 = Debug|Any CPU
		{91FD1C7A-1302-47EB-999B-51AC70CE5FED}.Debug|x64.ActiveCfg = Debug|Any CPU
		{91FD1C7A-1302-47EB-999B-51AC70CE5FED}.Debug|x64.Build.0 = Debug|Any CPU
		{91FD1C7A-1302-47EB-999B-51AC70CE5FED}.Debug|x86.ActiveCfg = Debug|Any CPU
		{91FD1C7A-1302-47EB-999B-51AC70CE5FED}.Debug|x86.Build.0 = Debug|Any CPU
		{91FD1C7A-1302-47EB-999B-51AC70CE5FED}.Release|Any CPU.ActiveCfg = Release|Any CPU
		{91FD1C7A-1302-47EB-999B-51AC70CE5FED}.Release|Any CPU.Build.0 = Release|Any CPU
		{91FD1C7A-1302-47EB-999B-51AC70CE5FED}.Release|x64.ActiveCfg = Release|Any CPU
		{91FD1C7A-1302-47EB-999B-51AC70CE5FED}.Release|x64.Build.0 = Release|Any CPU
		{91FD1C7A-1302-47EB-999B-51AC70CE5FED}.Release|x86.ActiveCfg = Release|Any CPU
		{91FD1C7A-1302-47EB-999B-51AC70CE5FED}.Release|x86.Build.0 = Release|Any CPU
		{B35BC690-DDEE-42DD-8A6C-3BA58B54D262}.Debug|Any CPU.ActiveCfg = Debug|Any CPU
		{B35BC690-DDEE-42DD-8A6C-3BA58B54D262}.Debug|Any CPU.Build.0 = Debug|Any CPU
		{B35BC690-DDEE-42DD-8A6C-3BA58B54D262}.Debug|x64.ActiveCfg = Debug|Any CPU
		{B35BC690-DDEE-42DD-8A6C-3BA58B54D262}.Debug|x64.Build.0 = Debug|Any CPU
		{B35BC690-DDEE-42DD-8A6C-3BA58B54D262}.Debug|x86.ActiveCfg = Debug|Any CPU
		{B35BC690-DDEE-42DD-8A6C-3BA58B54D262}.Debug|x86.Build.0 = Debug|Any CPU
		{B35BC690-DDEE-42DD-8A6C-3BA58B54D262}.Release|Any CPU.ActiveCfg = Release|Any CPU
		{B35BC690-DDEE-42DD-8A6C-3BA58B54D262}.Release|Any CPU.Build.0 = Release|Any CPU
		{B35BC690-DDEE-42DD-8A6C-3BA58B54D262}.Release|x64.ActiveCfg = Release|Any CPU
		{B35BC690-DDEE-42DD-8A6C-3BA58B54D262}.Release|x64.Build.0 = Release|Any CPU
		{B35BC690-DDEE-42DD-8A6C-3BA58B54D262}.Release|x86.ActiveCfg = Release|Any CPU
		{B35BC690-DDEE-42DD-8A6C-3BA58B54D262}.Release|x86.Build.0 = Release|Any CPU
		{60FC7843-3AAA-43D5-972B-FED5E377C5ED}.Debug|Any CPU.ActiveCfg = Debug|Any CPU
		{60FC7843-3AAA-43D5-972B-FED5E377C5ED}.Debug|Any CPU.Build.0 = Debug|Any CPU
		{60FC7843-3AAA-43D5-972B-FED5E377C5ED}.Debug|x64.ActiveCfg = Debug|Any CPU
		{60FC7843-3AAA-43D5-972B-FED5E377C5ED}.Debug|x64.Build.0 = Debug|Any CPU
		{60FC7843-3AAA-43D5-972B-FED5E377C5ED}.Debug|x86.ActiveCfg = Debug|Any CPU
		{60FC7843-3AAA-43D5-972B-FED5E377C5ED}.Debug|x86.Build.0 = Debug|Any CPU
		{60FC7843-3AAA-43D5-972B-FED5E377C5ED}.Release|Any CPU.ActiveCfg = Release|Any CPU
		{60FC7843-3AAA-43D5-972B-FED5E377C5ED}.Release|Any CPU.Build.0 = Release|Any CPU
		{60FC7843-3AAA-43D5-972B-FED5E377C5ED}.Release|x64.ActiveCfg = Release|Any CPU
		{60FC7843-3AAA-43D5-972B-FED5E377C5ED}.Release|x64.Build.0 = Release|Any CPU
		{60FC7843-3AAA-43D5-972B-FED5E377C5ED}.Release|x86.ActiveCfg = Release|Any CPU
		{60FC7843-3AAA-43D5-972B-FED5E377C5ED}.Release|x86.Build.0 = Release|Any CPU
		{6857E06E-2B9E-430F-8308-3CBD9BD88CBF}.Debug|Any CPU.ActiveCfg = Debug|Any CPU
		{6857E06E-2B9E-430F-8308-3CBD9BD88CBF}.Debug|Any CPU.Build.0 = Debug|Any CPU
		{6857E06E-2B9E-430F-8308-3CBD9BD88CBF}.Debug|x64.ActiveCfg = Debug|Any CPU
		{6857E06E-2B9E-430F-8308-3CBD9BD88CBF}.Debug|x64.Build.0 = Debug|Any CPU
		{6857E06E-2B9E-430F-8308-3CBD9BD88CBF}.Debug|x86.ActiveCfg = Debug|Any CPU
		{6857E06E-2B9E-430F-8308-3CBD9BD88CBF}.Debug|x86.Build.0 = Debug|Any CPU
		{6857E06E-2B9E-430F-8308-3CBD9BD88CBF}.Release|Any CPU.ActiveCfg = Release|Any CPU
		{6857E06E-2B9E-430F-8308-3CBD9BD88CBF}.Release|Any CPU.Build.0 = Release|Any CPU
		{6857E06E-2B9E-430F-8308-3CBD9BD88CBF}.Release|x64.ActiveCfg = Release|Any CPU
		{6857E06E-2B9E-430F-8308-3CBD9BD88CBF}.Release|x64.Build.0 = Release|Any CPU
		{6857E06E-2B9E-430F-8308-3CBD9BD88CBF}.Release|x86.ActiveCfg = Release|Any CPU
		{6857E06E-2B9E-430F-8308-3CBD9BD88CBF}.Release|x86.Build.0 = Release|Any CPU
		{9D35264C-E571-498D-8F7F-176258CD5FAA}.Debug|Any CPU.ActiveCfg = Debug|Any CPU
		{9D35264C-E571-498D-8F7F-176258CD5FAA}.Debug|Any CPU.Build.0 = Debug|Any CPU
		{9D35264C-E571-498D-8F7F-176258CD5FAA}.Debug|x64.ActiveCfg = Debug|Any CPU
		{9D35264C-E571-498D-8F7F-176258CD5FAA}.Debug|x64.Build.0 = Debug|Any CPU
		{9D35264C-E571-498D-8F7F-176258CD5FAA}.Debug|x86.ActiveCfg = Debug|Any CPU
		{9D35264C-E571-498D-8F7F-176258CD5FAA}.Debug|x86.Build.0 = Debug|Any CPU
		{9D35264C-E571-498D-8F7F-176258CD5FAA}.Release|Any CPU.ActiveCfg = Release|Any CPU
		{9D35264C-E571-498D-8F7F-176258CD5FAA}.Release|Any CPU.Build.0 = Release|Any CPU
		{9D35264C-E571-498D-8F7F-176258CD5FAA}.Release|x64.ActiveCfg = Release|Any CPU
		{9D35264C-E571-498D-8F7F-176258CD5FAA}.Release|x64.Build.0 = Release|Any CPU
		{9D35264C-E571-498D-8F7F-176258CD5FAA}.Release|x86.ActiveCfg = Release|Any CPU
		{9D35264C-E571-498D-8F7F-176258CD5FAA}.Release|x86.Build.0 = Release|Any CPU
		{66155BDF-3D39-463B-8D24-3BBE26A4B7B5}.Debug|Any CPU.ActiveCfg = Debug|Any CPU
		{66155BDF-3D39-463B-8D24-3BBE26A4B7B5}.Debug|Any CPU.Build.0 = Debug|Any CPU
		{66155BDF-3D39-463B-8D24-3BBE26A4B7B5}.Debug|x64.ActiveCfg = Debug|Any CPU
		{66155BDF-3D39-463B-8D24-3BBE26A4B7B5}.Debug|x64.Build.0 = Debug|Any CPU
		{66155BDF-3D39-463B-8D24-3BBE26A4B7B5}.Debug|x86.ActiveCfg = Debug|Any CPU
		{66155BDF-3D39-463B-8D24-3BBE26A4B7B5}.Debug|x86.Build.0 = Debug|Any CPU
		{66155BDF-3D39-463B-8D24-3BBE26A4B7B5}.Release|Any CPU.ActiveCfg = Release|Any CPU
		{66155BDF-3D39-463B-8D24-3BBE26A4B7B5}.Release|Any CPU.Build.0 = Release|Any CPU
		{66155BDF-3D39-463B-8D24-3BBE26A4B7B5}.Release|x64.ActiveCfg = Release|Any CPU
		{66155BDF-3D39-463B-8D24-3BBE26A4B7B5}.Release|x64.Build.0 = Release|Any CPU
		{66155BDF-3D39-463B-8D24-3BBE26A4B7B5}.Release|x86.ActiveCfg = Release|Any CPU
		{66155BDF-3D39-463B-8D24-3BBE26A4B7B5}.Release|x86.Build.0 = Release|Any CPU
		{47540878-4E73-4E0D-B677-11DACA967D92}.Debug|Any CPU.ActiveCfg = Debug|Any CPU
		{47540878-4E73-4E0D-B677-11DACA967D92}.Debug|Any CPU.Build.0 = Debug|Any CPU
		{47540878-4E73-4E0D-B677-11DACA967D92}.Debug|x64.ActiveCfg = Debug|Any CPU
		{47540878-4E73-4E0D-B677-11DACA967D92}.Debug|x64.Build.0 = Debug|Any CPU
		{47540878-4E73-4E0D-B677-11DACA967D92}.Debug|x86.ActiveCfg = Debug|Any CPU
		{47540878-4E73-4E0D-B677-11DACA967D92}.Debug|x86.Build.0 = Debug|Any CPU
		{47540878-4E73-4E0D-B677-11DACA967D92}.Release|Any CPU.ActiveCfg = Release|Any CPU
		{47540878-4E73-4E0D-B677-11DACA967D92}.Release|Any CPU.Build.0 = Release|Any CPU
		{47540878-4E73-4E0D-B677-11DACA967D92}.Release|x64.ActiveCfg = Release|Any CPU
		{47540878-4E73-4E0D-B677-11DACA967D92}.Release|x64.Build.0 = Release|Any CPU
		{47540878-4E73-4E0D-B677-11DACA967D92}.Release|x86.ActiveCfg = Release|Any CPU
		{47540878-4E73-4E0D-B677-11DACA967D92}.Release|x86.Build.0 = Release|Any CPU
		{45C880D0-ED63-4E15-83F8-1CDEA7B966E2}.Debug|Any CPU.ActiveCfg = Debug|Any CPU
		{45C880D0-ED63-4E15-83F8-1CDEA7B966E2}.Debug|Any CPU.Build.0 = Debug|Any CPU
		{45C880D0-ED63-4E15-83F8-1CDEA7B966E2}.Debug|x64.ActiveCfg = Debug|Any CPU
		{45C880D0-ED63-4E15-83F8-1CDEA7B966E2}.Debug|x64.Build.0 = Debug|Any CPU
		{45C880D0-ED63-4E15-83F8-1CDEA7B966E2}.Debug|x86.ActiveCfg = Debug|Any CPU
		{45C880D0-ED63-4E15-83F8-1CDEA7B966E2}.Debug|x86.Build.0 = Debug|Any CPU
		{45C880D0-ED63-4E15-83F8-1CDEA7B966E2}.Release|Any CPU.ActiveCfg = Release|Any CPU
		{45C880D0-ED63-4E15-83F8-1CDEA7B966E2}.Release|Any CPU.Build.0 = Release|Any CPU
		{45C880D0-ED63-4E15-83F8-1CDEA7B966E2}.Release|x64.ActiveCfg = Release|Any CPU
		{45C880D0-ED63-4E15-83F8-1CDEA7B966E2}.Release|x64.Build.0 = Release|Any CPU
		{45C880D0-ED63-4E15-83F8-1CDEA7B966E2}.Release|x86.ActiveCfg = Release|Any CPU
		{45C880D0-ED63-4E15-83F8-1CDEA7B966E2}.Release|x86.Build.0 = Release|Any CPU
		{D212C75E-72D8-48AE-9AA1-C6AE1105BB1E}.Debug|Any CPU.ActiveCfg = Debug|Any CPU
		{D212C75E-72D8-48AE-9AA1-C6AE1105BB1E}.Debug|Any CPU.Build.0 = Debug|Any CPU
		{D212C75E-72D8-48AE-9AA1-C6AE1105BB1E}.Debug|x64.ActiveCfg = Debug|Any CPU
		{D212C75E-72D8-48AE-9AA1-C6AE1105BB1E}.Debug|x64.Build.0 = Debug|Any CPU
		{D212C75E-72D8-48AE-9AA1-C6AE1105BB1E}.Debug|x86.ActiveCfg = Debug|Any CPU
		{D212C75E-72D8-48AE-9AA1-C6AE1105BB1E}.Debug|x86.Build.0 = Debug|Any CPU
		{D212C75E-72D8-48AE-9AA1-C6AE1105BB1E}.Release|Any CPU.ActiveCfg = Release|Any CPU
		{D212C75E-72D8-48AE-9AA1-C6AE1105BB1E}.Release|Any CPU.Build.0 = Release|Any CPU
		{D212C75E-72D8-48AE-9AA1-C6AE1105BB1E}.Release|x64.ActiveCfg = Release|Any CPU
		{D212C75E-72D8-48AE-9AA1-C6AE1105BB1E}.Release|x64.Build.0 = Release|Any CPU
		{D212C75E-72D8-48AE-9AA1-C6AE1105BB1E}.Release|x86.ActiveCfg = Release|Any CPU
		{D212C75E-72D8-48AE-9AA1-C6AE1105BB1E}.Release|x86.Build.0 = Release|Any CPU
		{6D85393D-3F35-4C31-B03E-2FD3898361A1}.Debug|Any CPU.ActiveCfg = Debug|Any CPU
		{6D85393D-3F35-4C31-B03E-2FD3898361A1}.Debug|Any CPU.Build.0 = Debug|Any CPU
		{6D85393D-3F35-4C31-B03E-2FD3898361A1}.Debug|x64.ActiveCfg = Debug|Any CPU
		{6D85393D-3F35-4C31-B03E-2FD3898361A1}.Debug|x64.Build.0 = Debug|Any CPU
		{6D85393D-3F35-4C31-B03E-2FD3898361A1}.Debug|x86.ActiveCfg = Debug|Any CPU
		{6D85393D-3F35-4C31-B03E-2FD3898361A1}.Debug|x86.Build.0 = Debug|Any CPU
		{6D85393D-3F35-4C31-B03E-2FD3898361A1}.Release|Any CPU.ActiveCfg = Release|Any CPU
		{6D85393D-3F35-4C31-B03E-2FD3898361A1}.Release|Any CPU.Build.0 = Release|Any CPU
		{6D85393D-3F35-4C31-B03E-2FD3898361A1}.Release|x64.ActiveCfg = Release|Any CPU
		{6D85393D-3F35-4C31-B03E-2FD3898361A1}.Release|x64.Build.0 = Release|Any CPU
		{6D85393D-3F35-4C31-B03E-2FD3898361A1}.Release|x86.ActiveCfg = Release|Any CPU
		{6D85393D-3F35-4C31-B03E-2FD3898361A1}.Release|x86.Build.0 = Release|Any CPU
		{A17C1790-EE32-4162-91E4-DD4577E69676}.Debug|Any CPU.ActiveCfg = Debug|Any CPU
		{A17C1790-EE32-4162-91E4-DD4577E69676}.Debug|Any CPU.Build.0 = Debug|Any CPU
		{A17C1790-EE32-4162-91E4-DD4577E69676}.Debug|x64.ActiveCfg = Debug|Any CPU
		{A17C1790-EE32-4162-91E4-DD4577E69676}.Debug|x64.Build.0 = Debug|Any CPU
		{A17C1790-EE32-4162-91E4-DD4577E69676}.Debug|x86.ActiveCfg = Debug|Any CPU
		{A17C1790-EE32-4162-91E4-DD4577E69676}.Debug|x86.Build.0 = Debug|Any CPU
		{A17C1790-EE32-4162-91E4-DD4577E69676}.Release|Any CPU.ActiveCfg = Release|Any CPU
		{A17C1790-EE32-4162-91E4-DD4577E69676}.Release|Any CPU.Build.0 = Release|Any CPU
		{A17C1790-EE32-4162-91E4-DD4577E69676}.Release|x64.ActiveCfg = Release|Any CPU
		{A17C1790-EE32-4162-91E4-DD4577E69676}.Release|x64.Build.0 = Release|Any CPU
		{A17C1790-EE32-4162-91E4-DD4577E69676}.Release|x86.ActiveCfg = Release|Any CPU
		{A17C1790-EE32-4162-91E4-DD4577E69676}.Release|x86.Build.0 = Release|Any CPU
		{76B1CEE0-678D-41A4-8E8C-F2216F94D12E}.Debug|Any CPU.ActiveCfg = Debug|Any CPU
		{76B1CEE0-678D-41A4-8E8C-F2216F94D12E}.Debug|Any CPU.Build.0 = Debug|Any CPU
		{76B1CEE0-678D-41A4-8E8C-F2216F94D12E}.Debug|x64.ActiveCfg = Debug|Any CPU
		{76B1CEE0-678D-41A4-8E8C-F2216F94D12E}.Debug|x64.Build.0 = Debug|Any CPU
		{76B1CEE0-678D-41A4-8E8C-F2216F94D12E}.Debug|x86.ActiveCfg = Debug|Any CPU
		{76B1CEE0-678D-41A4-8E8C-F2216F94D12E}.Debug|x86.Build.0 = Debug|Any CPU
		{76B1CEE0-678D-41A4-8E8C-F2216F94D12E}.Release|Any CPU.ActiveCfg = Release|Any CPU
		{76B1CEE0-678D-41A4-8E8C-F2216F94D12E}.Release|Any CPU.Build.0 = Release|Any CPU
		{76B1CEE0-678D-41A4-8E8C-F2216F94D12E}.Release|x64.ActiveCfg = Release|Any CPU
		{76B1CEE0-678D-41A4-8E8C-F2216F94D12E}.Release|x64.Build.0 = Release|Any CPU
		{76B1CEE0-678D-41A4-8E8C-F2216F94D12E}.Release|x86.ActiveCfg = Release|Any CPU
		{76B1CEE0-678D-41A4-8E8C-F2216F94D12E}.Release|x86.Build.0 = Release|Any CPU
		{778701C1-C859-47FC-AF70-5EAA95A64525}.Debug|Any CPU.ActiveCfg = Debug|Any CPU
		{778701C1-C859-47FC-AF70-5EAA95A64525}.Debug|Any CPU.Build.0 = Debug|Any CPU
		{778701C1-C859-47FC-AF70-5EAA95A64525}.Debug|x64.ActiveCfg = Debug|Any CPU
		{778701C1-C859-47FC-AF70-5EAA95A64525}.Debug|x64.Build.0 = Debug|Any CPU
		{778701C1-C859-47FC-AF70-5EAA95A64525}.Debug|x86.ActiveCfg = Debug|Any CPU
		{778701C1-C859-47FC-AF70-5EAA95A64525}.Debug|x86.Build.0 = Debug|Any CPU
		{778701C1-C859-47FC-AF70-5EAA95A64525}.Release|Any CPU.ActiveCfg = Release|Any CPU
		{778701C1-C859-47FC-AF70-5EAA95A64525}.Release|Any CPU.Build.0 = Release|Any CPU
		{778701C1-C859-47FC-AF70-5EAA95A64525}.Release|x64.ActiveCfg = Release|Any CPU
		{778701C1-C859-47FC-AF70-5EAA95A64525}.Release|x64.Build.0 = Release|Any CPU
		{778701C1-C859-47FC-AF70-5EAA95A64525}.Release|x86.ActiveCfg = Release|Any CPU
		{778701C1-C859-47FC-AF70-5EAA95A64525}.Release|x86.Build.0 = Release|Any CPU
		{86DBAE23-B5C1-4D89-8A8B-D6901E4142C3}.Debug|Any CPU.ActiveCfg = Debug|Any CPU
		{86DBAE23-B5C1-4D89-8A8B-D6901E4142C3}.Debug|Any CPU.Build.0 = Debug|Any CPU
		{86DBAE23-B5C1-4D89-8A8B-D6901E4142C3}.Debug|x64.ActiveCfg = Debug|Any CPU
		{86DBAE23-B5C1-4D89-8A8B-D6901E4142C3}.Debug|x64.Build.0 = Debug|Any CPU
		{86DBAE23-B5C1-4D89-8A8B-D6901E4142C3}.Debug|x86.ActiveCfg = Debug|Any CPU
		{86DBAE23-B5C1-4D89-8A8B-D6901E4142C3}.Debug|x86.Build.0 = Debug|Any CPU
		{86DBAE23-B5C1-4D89-8A8B-D6901E4142C3}.Release|Any CPU.ActiveCfg = Release|Any CPU
		{86DBAE23-B5C1-4D89-8A8B-D6901E4142C3}.Release|Any CPU.Build.0 = Release|Any CPU
		{86DBAE23-B5C1-4D89-8A8B-D6901E4142C3}.Release|x64.ActiveCfg = Release|Any CPU
		{86DBAE23-B5C1-4D89-8A8B-D6901E4142C3}.Release|x64.Build.0 = Release|Any CPU
		{86DBAE23-B5C1-4D89-8A8B-D6901E4142C3}.Release|x86.ActiveCfg = Release|Any CPU
		{86DBAE23-B5C1-4D89-8A8B-D6901E4142C3}.Release|x86.Build.0 = Release|Any CPU
		{EBF0DAC6-39CF-4DD7-B51F-76AEA8B087F1}.Debug|Any CPU.ActiveCfg = Debug|Any CPU
		{EBF0DAC6-39CF-4DD7-B51F-76AEA8B087F1}.Debug|Any CPU.Build.0 = Debug|Any CPU
		{EBF0DAC6-39CF-4DD7-B51F-76AEA8B087F1}.Debug|x64.ActiveCfg = Debug|Any CPU
		{EBF0DAC6-39CF-4DD7-B51F-76AEA8B087F1}.Debug|x64.Build.0 = Debug|Any CPU
		{EBF0DAC6-39CF-4DD7-B51F-76AEA8B087F1}.Debug|x86.ActiveCfg = Debug|Any CPU
		{EBF0DAC6-39CF-4DD7-B51F-76AEA8B087F1}.Debug|x86.Build.0 = Debug|Any CPU
		{EBF0DAC6-39CF-4DD7-B51F-76AEA8B087F1}.Release|Any CPU.ActiveCfg = Release|Any CPU
		{EBF0DAC6-39CF-4DD7-B51F-76AEA8B087F1}.Release|Any CPU.Build.0 = Release|Any CPU
		{EBF0DAC6-39CF-4DD7-B51F-76AEA8B087F1}.Release|x64.ActiveCfg = Release|Any CPU
		{EBF0DAC6-39CF-4DD7-B51F-76AEA8B087F1}.Release|x64.Build.0 = Release|Any CPU
		{EBF0DAC6-39CF-4DD7-B51F-76AEA8B087F1}.Release|x86.ActiveCfg = Release|Any CPU
		{EBF0DAC6-39CF-4DD7-B51F-76AEA8B087F1}.Release|x86.Build.0 = Release|Any CPU
		{CA4335D2-7D37-49AE-BA06-C1803EE7FC81}.Debug|Any CPU.ActiveCfg = Debug|Any CPU
		{CA4335D2-7D37-49AE-BA06-C1803EE7FC81}.Debug|Any CPU.Build.0 = Debug|Any CPU
		{CA4335D2-7D37-49AE-BA06-C1803EE7FC81}.Debug|x64.ActiveCfg = Debug|Any CPU
		{CA4335D2-7D37-49AE-BA06-C1803EE7FC81}.Debug|x64.Build.0 = Debug|Any CPU
		{CA4335D2-7D37-49AE-BA06-C1803EE7FC81}.Debug|x86.ActiveCfg = Debug|Any CPU
		{CA4335D2-7D37-49AE-BA06-C1803EE7FC81}.Debug|x86.Build.0 = Debug|Any CPU
		{CA4335D2-7D37-49AE-BA06-C1803EE7FC81}.Release|Any CPU.ActiveCfg = Release|Any CPU
		{CA4335D2-7D37-49AE-BA06-C1803EE7FC81}.Release|Any CPU.Build.0 = Release|Any CPU
		{CA4335D2-7D37-49AE-BA06-C1803EE7FC81}.Release|x64.ActiveCfg = Release|Any CPU
		{CA4335D2-7D37-49AE-BA06-C1803EE7FC81}.Release|x64.Build.0 = Release|Any CPU
		{CA4335D2-7D37-49AE-BA06-C1803EE7FC81}.Release|x86.ActiveCfg = Release|Any CPU
		{CA4335D2-7D37-49AE-BA06-C1803EE7FC81}.Release|x86.Build.0 = Release|Any CPU
		{8087BE6B-08B1-44B9-B19E-DE07E88210B2}.Debug|Any CPU.ActiveCfg = Debug|Any CPU
		{8087BE6B-08B1-44B9-B19E-DE07E88210B2}.Debug|Any CPU.Build.0 = Debug|Any CPU
		{8087BE6B-08B1-44B9-B19E-DE07E88210B2}.Debug|x64.ActiveCfg = Debug|Any CPU
		{8087BE6B-08B1-44B9-B19E-DE07E88210B2}.Debug|x64.Build.0 = Debug|Any CPU
		{8087BE6B-08B1-44B9-B19E-DE07E88210B2}.Debug|x86.ActiveCfg = Debug|Any CPU
		{8087BE6B-08B1-44B9-B19E-DE07E88210B2}.Debug|x86.Build.0 = Debug|Any CPU
		{8087BE6B-08B1-44B9-B19E-DE07E88210B2}.Release|Any CPU.ActiveCfg = Release|Any CPU
		{8087BE6B-08B1-44B9-B19E-DE07E88210B2}.Release|Any CPU.Build.0 = Release|Any CPU
		{8087BE6B-08B1-44B9-B19E-DE07E88210B2}.Release|x64.ActiveCfg = Release|Any CPU
		{8087BE6B-08B1-44B9-B19E-DE07E88210B2}.Release|x64.Build.0 = Release|Any CPU
		{8087BE6B-08B1-44B9-B19E-DE07E88210B2}.Release|x86.ActiveCfg = Release|Any CPU
		{8087BE6B-08B1-44B9-B19E-DE07E88210B2}.Release|x86.Build.0 = Release|Any CPU
		{82F8BE4B-6995-4DF6-A811-B81ECF3DE6A1}.Debug|Any CPU.ActiveCfg = Debug|Any CPU
		{82F8BE4B-6995-4DF6-A811-B81ECF3DE6A1}.Debug|Any CPU.Build.0 = Debug|Any CPU
		{82F8BE4B-6995-4DF6-A811-B81ECF3DE6A1}.Debug|x64.ActiveCfg = Debug|Any CPU
		{82F8BE4B-6995-4DF6-A811-B81ECF3DE6A1}.Debug|x64.Build.0 = Debug|Any CPU
		{82F8BE4B-6995-4DF6-A811-B81ECF3DE6A1}.Debug|x86.ActiveCfg = Debug|Any CPU
		{82F8BE4B-6995-4DF6-A811-B81ECF3DE6A1}.Debug|x86.Build.0 = Debug|Any CPU
		{82F8BE4B-6995-4DF6-A811-B81ECF3DE6A1}.Release|Any CPU.ActiveCfg = Release|Any CPU
		{82F8BE4B-6995-4DF6-A811-B81ECF3DE6A1}.Release|Any CPU.Build.0 = Release|Any CPU
		{82F8BE4B-6995-4DF6-A811-B81ECF3DE6A1}.Release|x64.ActiveCfg = Release|Any CPU
		{82F8BE4B-6995-4DF6-A811-B81ECF3DE6A1}.Release|x64.Build.0 = Release|Any CPU
		{82F8BE4B-6995-4DF6-A811-B81ECF3DE6A1}.Release|x86.ActiveCfg = Release|Any CPU
		{82F8BE4B-6995-4DF6-A811-B81ECF3DE6A1}.Release|x86.Build.0 = Release|Any CPU
		{622D71B4-7091-4BCD-89A2-FDD60112901F}.Debug|Any CPU.ActiveCfg = Debug|Any CPU
		{622D71B4-7091-4BCD-89A2-FDD60112901F}.Debug|Any CPU.Build.0 = Debug|Any CPU
		{622D71B4-7091-4BCD-89A2-FDD60112901F}.Debug|x64.ActiveCfg = Debug|Any CPU
		{622D71B4-7091-4BCD-89A2-FDD60112901F}.Debug|x64.Build.0 = Debug|Any CPU
		{622D71B4-7091-4BCD-89A2-FDD60112901F}.Debug|x86.ActiveCfg = Debug|Any CPU
		{622D71B4-7091-4BCD-89A2-FDD60112901F}.Debug|x86.Build.0 = Debug|Any CPU
		{622D71B4-7091-4BCD-89A2-FDD60112901F}.Release|Any CPU.ActiveCfg = Release|Any CPU
		{622D71B4-7091-4BCD-89A2-FDD60112901F}.Release|Any CPU.Build.0 = Release|Any CPU
		{622D71B4-7091-4BCD-89A2-FDD60112901F}.Release|x64.ActiveCfg = Release|Any CPU
		{622D71B4-7091-4BCD-89A2-FDD60112901F}.Release|x64.Build.0 = Release|Any CPU
		{622D71B4-7091-4BCD-89A2-FDD60112901F}.Release|x86.ActiveCfg = Release|Any CPU
		{622D71B4-7091-4BCD-89A2-FDD60112901F}.Release|x86.Build.0 = Release|Any CPU
		{82FB62CA-D31B-4215-9A70-DBD32ED2CA90}.Debug|Any CPU.ActiveCfg = Debug|Any CPU
		{82FB62CA-D31B-4215-9A70-DBD32ED2CA90}.Debug|Any CPU.Build.0 = Debug|Any CPU
		{82FB62CA-D31B-4215-9A70-DBD32ED2CA90}.Debug|x64.ActiveCfg = Debug|Any CPU
		{82FB62CA-D31B-4215-9A70-DBD32ED2CA90}.Debug|x64.Build.0 = Debug|Any CPU
		{82FB62CA-D31B-4215-9A70-DBD32ED2CA90}.Debug|x86.ActiveCfg = Debug|Any CPU
		{82FB62CA-D31B-4215-9A70-DBD32ED2CA90}.Debug|x86.Build.0 = Debug|Any CPU
		{82FB62CA-D31B-4215-9A70-DBD32ED2CA90}.Release|Any CPU.ActiveCfg = Release|Any CPU
		{82FB62CA-D31B-4215-9A70-DBD32ED2CA90}.Release|Any CPU.Build.0 = Release|Any CPU
		{82FB62CA-D31B-4215-9A70-DBD32ED2CA90}.Release|x64.ActiveCfg = Release|Any CPU
		{82FB62CA-D31B-4215-9A70-DBD32ED2CA90}.Release|x64.Build.0 = Release|Any CPU
		{82FB62CA-D31B-4215-9A70-DBD32ED2CA90}.Release|x86.ActiveCfg = Release|Any CPU
		{82FB62CA-D31B-4215-9A70-DBD32ED2CA90}.Release|x86.Build.0 = Release|Any CPU
		{2F718BB2-1983-4C73-B7A0-0C317BB0B8AC}.Debug|Any CPU.ActiveCfg = Debug|Any CPU
		{2F718BB2-1983-4C73-B7A0-0C317BB0B8AC}.Debug|Any CPU.Build.0 = Debug|Any CPU
		{2F718BB2-1983-4C73-B7A0-0C317BB0B8AC}.Debug|x64.ActiveCfg = Debug|Any CPU
		{2F718BB2-1983-4C73-B7A0-0C317BB0B8AC}.Debug|x64.Build.0 = Debug|Any CPU
		{2F718BB2-1983-4C73-B7A0-0C317BB0B8AC}.Debug|x86.ActiveCfg = Debug|Any CPU
		{2F718BB2-1983-4C73-B7A0-0C317BB0B8AC}.Debug|x86.Build.0 = Debug|Any CPU
		{2F718BB2-1983-4C73-B7A0-0C317BB0B8AC}.Release|Any CPU.ActiveCfg = Release|Any CPU
		{2F718BB2-1983-4C73-B7A0-0C317BB0B8AC}.Release|Any CPU.Build.0 = Release|Any CPU
		{2F718BB2-1983-4C73-B7A0-0C317BB0B8AC}.Release|x64.ActiveCfg = Release|Any CPU
		{2F718BB2-1983-4C73-B7A0-0C317BB0B8AC}.Release|x64.Build.0 = Release|Any CPU
		{2F718BB2-1983-4C73-B7A0-0C317BB0B8AC}.Release|x86.ActiveCfg = Release|Any CPU
		{2F718BB2-1983-4C73-B7A0-0C317BB0B8AC}.Release|x86.Build.0 = Release|Any CPU
		{51D1EED4-A631-4DC6-B66A-BDEBBE4E65A6}.Debug|Any CPU.ActiveCfg = Debug|Any CPU
		{51D1EED4-A631-4DC6-B66A-BDEBBE4E65A6}.Debug|Any CPU.Build.0 = Debug|Any CPU
		{51D1EED4-A631-4DC6-B66A-BDEBBE4E65A6}.Debug|x64.ActiveCfg = Debug|Any CPU
		{51D1EED4-A631-4DC6-B66A-BDEBBE4E65A6}.Debug|x64.Build.0 = Debug|Any CPU
		{51D1EED4-A631-4DC6-B66A-BDEBBE4E65A6}.Debug|x86.ActiveCfg = Debug|Any CPU
		{51D1EED4-A631-4DC6-B66A-BDEBBE4E65A6}.Debug|x86.Build.0 = Debug|Any CPU
		{51D1EED4-A631-4DC6-B66A-BDEBBE4E65A6}.Release|Any CPU.ActiveCfg = Release|Any CPU
		{51D1EED4-A631-4DC6-B66A-BDEBBE4E65A6}.Release|Any CPU.Build.0 = Release|Any CPU
		{51D1EED4-A631-4DC6-B66A-BDEBBE4E65A6}.Release|x64.ActiveCfg = Release|Any CPU
		{51D1EED4-A631-4DC6-B66A-BDEBBE4E65A6}.Release|x64.Build.0 = Release|Any CPU
		{51D1EED4-A631-4DC6-B66A-BDEBBE4E65A6}.Release|x86.ActiveCfg = Release|Any CPU
		{51D1EED4-A631-4DC6-B66A-BDEBBE4E65A6}.Release|x86.Build.0 = Release|Any CPU
	EndGlobalSection
	GlobalSection(SolutionProperties) = preSolution
		HideSolutionNode = FALSE
	EndGlobalSection
	GlobalSection(NestedProjects) = preSolution
		{91FD1C7A-1302-47EB-999B-51AC70CE5FED} = {2802FE93-7F96-4E29-96E2-50BC76714700}
		{B35BC690-DDEE-42DD-8A6C-3BA58B54D262} = {2802FE93-7F96-4E29-96E2-50BC76714700}
		{6857E06E-2B9E-430F-8308-3CBD9BD88CBF} = {2802FE93-7F96-4E29-96E2-50BC76714700}
		{66155BDF-3D39-463B-8D24-3BBE26A4B7B5} = {2802FE93-7F96-4E29-96E2-50BC76714700}
		{47540878-4E73-4E0D-B677-11DACA967D92} = {2802FE93-7F96-4E29-96E2-50BC76714700}
		{86DBAE23-B5C1-4D89-8A8B-D6901E4142C3} = {2802FE93-7F96-4E29-96E2-50BC76714700}
		{EBF0DAC6-39CF-4DD7-B51F-76AEA8B087F1} = {2802FE93-7F96-4E29-96E2-50BC76714700}
		{CA4335D2-7D37-49AE-BA06-C1803EE7FC81} = {2802FE93-7F96-4E29-96E2-50BC76714700}
		{8087BE6B-08B1-44B9-B19E-DE07E88210B2} = {2802FE93-7F96-4E29-96E2-50BC76714700}
		{82F8BE4B-6995-4DF6-A811-B81ECF3DE6A1} = {2802FE93-7F96-4E29-96E2-50BC76714700}
		{622D71B4-7091-4BCD-89A2-FDD60112901F} = {2802FE93-7F96-4E29-96E2-50BC76714700}
		{82FB62CA-D31B-4215-9A70-DBD32ED2CA90} = {2802FE93-7F96-4E29-96E2-50BC76714700}
		{2F718BB2-1983-4C73-B7A0-0C317BB0B8AC} = {2802FE93-7F96-4E29-96E2-50BC76714700}
		{51D1EED4-A631-4DC6-B66A-BDEBBE4E65A6} = {2802FE93-7F96-4E29-96E2-50BC76714700}
	EndGlobalSection
	GlobalSection(ExtensibilityGlobals) = postSolution
		SolutionGuid = {934105E2-8FCA-43B8-8031-B4E2CEA4DBAD}
	EndGlobalSection
EndGlobal
