
Microsoft Visual Studio Solution File, Format Version 12.00
# Visual Studio Version 16
VisualStudioVersion = 16.6.30114.105
MinimumVisualStudioVersion = 10.0.40219.1
Project("{FAE04EC0-301F-11D3-BF4B-00C04F79EFBC}") = "R5T.D0099.Construction", "R5T.D0099.Construction\R5T.D0099.Construction.csproj", "{41CAE81B-DFAD-4230-8350-D99AFE5F37D8}"
EndProject
Project("{2150E333-8FDC-42A3-9474-1A3956D46DE8}") = "_Dependencies", "_Dependencies", "{E0F13662-E6A8-46E1-8509-DEB0231228CD}"
EndProject
Project("{FAE04EC0-301F-11D3-BF4B-00C04F79EFBC}") = "R5T.Plymouth.ProgramAsAService", "..\..\R5T.Plymouth\source\R5T.Plymouth.ProgramAsAService\R5T.Plymouth.ProgramAsAService.csproj", "{1751E06B-E263-4CE4-BD9B-ACB52B474B9A}"
EndProject
Project("{FAE04EC0-301F-11D3-BF4B-00C04F79EFBC}") = "R5T.T0027.T009", "..\..\R5T.T0027\source\R5T.T0027.T009\R5T.T0027.T009.csproj", "{799EDBD6-E64E-4D32-B578-8E2598B08ECC}"
EndProject
Project("{FAE04EC0-301F-11D3-BF4B-00C04F79EFBC}") = "R5T.D0099.I001", "R5T.D0099.I001\R5T.D0099.I001.csproj", "{C94A6D19-2F55-454A-A336-B3A9EA06CA72}"
EndProject
Project("{FAE04EC0-301F-11D3-BF4B-00C04F79EFBC}") = "R5T.D0099.Base", "R5T.D0099.Base\R5T.D0099.Base.csproj", "{841AE833-16D6-4B82-B0AC-287D05C92960}"
EndProject
Project("{FAE04EC0-301F-11D3-BF4B-00C04F79EFBC}") = "R5T.Dacia.Extensions", "..\..\R5T.Dacia.Extensions\source\R5T.Dacia.Extensions\R5T.Dacia.Extensions.csproj", "{6675CC23-ACE0-4F63-94E6-BE27481678B4}"
EndProject
Project("{FAE04EC0-301F-11D3-BF4B-00C04F79EFBC}") = "R5T.Dacia.T002", "..\..\R5T.Dacia\source\R5T.Dacia.T002\R5T.Dacia.T002.csproj", "{829CC22D-5D5F-47E2-9142-843E07F46430}"
EndProject
Global
	GlobalSection(SolutionConfigurationPlatforms) = preSolution
		Debug|Any CPU = Debug|Any CPU
		Debug|x64 = Debug|x64
		Debug|x86 = Debug|x86
		Release|Any CPU = Release|Any CPU
		Release|x64 = Release|x64
		Release|x86 = Release|x86
	EndGlobalSection
	GlobalSection(SolutionProperties) = preSolution
		HideSolutionNode = FALSE
	EndGlobalSection
	GlobalSection(ProjectConfigurationPlatforms) = postSolution
		{41CAE81B-DFAD-4230-8350-D99AFE5F37D8}.Debug|Any CPU.ActiveCfg = Debug|Any CPU
		{41CAE81B-DFAD-4230-8350-D99AFE5F37D8}.Debug|Any CPU.Build.0 = Debug|Any CPU
		{41CAE81B-DFAD-4230-8350-D99AFE5F37D8}.Debug|x64.ActiveCfg = Debug|Any CPU
		{41CAE81B-DFAD-4230-8350-D99AFE5F37D8}.Debug|x64.Build.0 = Debug|Any CPU
		{41CAE81B-DFAD-4230-8350-D99AFE5F37D8}.Debug|x86.ActiveCfg = Debug|Any CPU
		{41CAE81B-DFAD-4230-8350-D99AFE5F37D8}.Debug|x86.Build.0 = Debug|Any CPU
		{41CAE81B-DFAD-4230-8350-D99AFE5F37D8}.Release|Any CPU.ActiveCfg = Release|Any CPU
		{41CAE81B-DFAD-4230-8350-D99AFE5F37D8}.Release|Any CPU.Build.0 = Release|Any CPU
		{41CAE81B-DFAD-4230-8350-D99AFE5F37D8}.Release|x64.ActiveCfg = Release|Any CPU
		{41CAE81B-DFAD-4230-8350-D99AFE5F37D8}.Release|x64.Build.0 = Release|Any CPU
		{41CAE81B-DFAD-4230-8350-D99AFE5F37D8}.Release|x86.ActiveCfg = Release|Any CPU
		{41CAE81B-DFAD-4230-8350-D99AFE5F37D8}.Release|x86.Build.0 = Release|Any CPU
		{1751E06B-E263-4CE4-BD9B-ACB52B474B9A}.Debug|Any CPU.ActiveCfg = Debug|Any CPU
		{1751E06B-E263-4CE4-BD9B-ACB52B474B9A}.Debug|Any CPU.Build.0 = Debug|Any CPU
		{1751E06B-E263-4CE4-BD9B-ACB52B474B9A}.Debug|x64.ActiveCfg = Debug|Any CPU
		{1751E06B-E263-4CE4-BD9B-ACB52B474B9A}.Debug|x64.Build.0 = Debug|Any CPU
		{1751E06B-E263-4CE4-BD9B-ACB52B474B9A}.Debug|x86.ActiveCfg = Debug|Any CPU
		{1751E06B-E263-4CE4-BD9B-ACB52B474B9A}.Debug|x86.Build.0 = Debug|Any CPU
		{1751E06B-E263-4CE4-BD9B-ACB52B474B9A}.Release|Any CPU.ActiveCfg = Release|Any CPU
		{1751E06B-E263-4CE4-BD9B-ACB52B474B9A}.Release|Any CPU.Build.0 = Release|Any CPU
		{1751E06B-E263-4CE4-BD9B-ACB52B474B9A}.Release|x64.ActiveCfg = Release|Any CPU
		{1751E06B-E263-4CE4-BD9B-ACB52B474B9A}.Release|x64.Build.0 = Release|Any CPU
		{1751E06B-E263-4CE4-BD9B-ACB52B474B9A}.Release|x86.ActiveCfg = Release|Any CPU
		{1751E06B-E263-4CE4-BD9B-ACB52B474B9A}.Release|x86.Build.0 = Release|Any CPU
		{799EDBD6-E64E-4D32-B578-8E2598B08ECC}.Debug|Any CPU.ActiveCfg = Debug|Any CPU
		{799EDBD6-E64E-4D32-B578-8E2598B08ECC}.Debug|Any CPU.Build.0 = Debug|Any CPU
		{799EDBD6-E64E-4D32-B578-8E2598B08ECC}.Debug|x64.ActiveCfg = Debug|Any CPU
		{799EDBD6-E64E-4D32-B578-8E2598B08ECC}.Debug|x64.Build.0 = Debug|Any CPU
		{799EDBD6-E64E-4D32-B578-8E2598B08ECC}.Debug|x86.ActiveCfg = Debug|Any CPU
		{799EDBD6-E64E-4D32-B578-8E2598B08ECC}.Debug|x86.Build.0 = Debug|Any CPU
		{799EDBD6-E64E-4D32-B578-8E2598B08ECC}.Release|Any CPU.ActiveCfg = Release|Any CPU
		{799EDBD6-E64E-4D32-B578-8E2598B08ECC}.Release|Any CPU.Build.0 = Release|Any CPU
		{799EDBD6-E64E-4D32-B578-8E2598B08ECC}.Release|x64.ActiveCfg = Release|Any CPU
		{799EDBD6-E64E-4D32-B578-8E2598B08ECC}.Release|x64.Build.0 = Release|Any CPU
		{799EDBD6-E64E-4D32-B578-8E2598B08ECC}.Release|x86.ActiveCfg = Release|Any CPU
		{799EDBD6-E64E-4D32-B578-8E2598B08ECC}.Release|x86.Build.0 = Release|Any CPU
		{C94A6D19-2F55-454A-A336-B3A9EA06CA72}.Debug|Any CPU.ActiveCfg = Debug|Any CPU
		{C94A6D19-2F55-454A-A336-B3A9EA06CA72}.Debug|Any CPU.Build.0 = Debug|Any CPU
		{C94A6D19-2F55-454A-A336-B3A9EA06CA72}.Debug|x64.ActiveCfg = Debug|Any CPU
		{C94A6D19-2F55-454A-A336-B3A9EA06CA72}.Debug|x64.Build.0 = Debug|Any CPU
		{C94A6D19-2F55-454A-A336-B3A9EA06CA72}.Debug|x86.ActiveCfg = Debug|Any CPU
		{C94A6D19-2F55-454A-A336-B3A9EA06CA72}.Debug|x86.Build.0 = Debug|Any CPU
		{C94A6D19-2F55-454A-A336-B3A9EA06CA72}.Release|Any CPU.ActiveCfg = Release|Any CPU
		{C94A6D19-2F55-454A-A336-B3A9EA06CA72}.Release|Any CPU.Build.0 = Release|Any CPU
		{C94A6D19-2F55-454A-A336-B3A9EA06CA72}.Release|x64.ActiveCfg = Release|Any CPU
		{C94A6D19-2F55-454A-A336-B3A9EA06CA72}.Release|x64.Build.0 = Release|Any CPU
		{C94A6D19-2F55-454A-A336-B3A9EA06CA72}.Release|x86.ActiveCfg = Release|Any CPU
		{C94A6D19-2F55-454A-A336-B3A9EA06CA72}.Release|x86.Build.0 = Release|Any CPU
		{841AE833-16D6-4B82-B0AC-287D05C92960}.Debug|Any CPU.ActiveCfg = Debug|Any CPU
		{841AE833-16D6-4B82-B0AC-287D05C92960}.Debug|Any CPU.Build.0 = Debug|Any CPU
		{841AE833-16D6-4B82-B0AC-287D05C92960}.Debug|x64.ActiveCfg = Debug|Any CPU
		{841AE833-16D6-4B82-B0AC-287D05C92960}.Debug|x64.Build.0 = Debug|Any CPU
		{841AE833-16D6-4B82-B0AC-287D05C92960}.Debug|x86.ActiveCfg = Debug|Any CPU
		{841AE833-16D6-4B82-B0AC-287D05C92960}.Debug|x86.Build.0 = Debug|Any CPU
		{841AE833-16D6-4B82-B0AC-287D05C92960}.Release|Any CPU.ActiveCfg = Release|Any CPU
		{841AE833-16D6-4B82-B0AC-287D05C92960}.Release|Any CPU.Build.0 = Release|Any CPU
		{841AE833-16D6-4B82-B0AC-287D05C92960}.Release|x64.ActiveCfg = Release|Any CPU
		{841AE833-16D6-4B82-B0AC-287D05C92960}.Release|x64.Build.0 = Release|Any CPU
		{841AE833-16D6-4B82-B0AC-287D05C92960}.Release|x86.ActiveCfg = Release|Any CPU
		{841AE833-16D6-4B82-B0AC-287D05C92960}.Release|x86.Build.0 = Release|Any CPU
		{6675CC23-ACE0-4F63-94E6-BE27481678B4}.Debug|Any CPU.ActiveCfg = Debug|Any CPU
		{6675CC23-ACE0-4F63-94E6-BE27481678B4}.Debug|Any CPU.Build.0 = Debug|Any CPU
		{6675CC23-ACE0-4F63-94E6-BE27481678B4}.Debug|x64.ActiveCfg = Debug|Any CPU
		{6675CC23-ACE0-4F63-94E6-BE27481678B4}.Debug|x64.Build.0 = Debug|Any CPU
		{6675CC23-ACE0-4F63-94E6-BE27481678B4}.Debug|x86.ActiveCfg = Debug|Any CPU
		{6675CC23-ACE0-4F63-94E6-BE27481678B4}.Debug|x86.Build.0 = Debug|Any CPU
		{6675CC23-ACE0-4F63-94E6-BE27481678B4}.Release|Any CPU.ActiveCfg = Release|Any CPU
		{6675CC23-ACE0-4F63-94E6-BE27481678B4}.Release|Any CPU.Build.0 = Release|Any CPU
		{6675CC23-ACE0-4F63-94E6-BE27481678B4}.Release|x64.ActiveCfg = Release|Any CPU
		{6675CC23-ACE0-4F63-94E6-BE27481678B4}.Release|x64.Build.0 = Release|Any CPU
		{6675CC23-ACE0-4F63-94E6-BE27481678B4}.Release|x86.ActiveCfg = Release|Any CPU
		{6675CC23-ACE0-4F63-94E6-BE27481678B4}.Release|x86.Build.0 = Release|Any CPU
		{829CC22D-5D5F-47E2-9142-843E07F46430}.Debug|Any CPU.ActiveCfg = Debug|Any CPU
		{829CC22D-5D5F-47E2-9142-843E07F46430}.Debug|Any CPU.Build.0 = Debug|Any CPU
		{829CC22D-5D5F-47E2-9142-843E07F46430}.Debug|x64.ActiveCfg = Debug|Any CPU
		{829CC22D-5D5F-47E2-9142-843E07F46430}.Debug|x64.Build.0 = Debug|Any CPU
		{829CC22D-5D5F-47E2-9142-843E07F46430}.Debug|x86.ActiveCfg = Debug|Any CPU
		{829CC22D-5D5F-47E2-9142-843E07F46430}.Debug|x86.Build.0 = Debug|Any CPU
		{829CC22D-5D5F-47E2-9142-843E07F46430}.Release|Any CPU.ActiveCfg = Release|Any CPU
		{829CC22D-5D5F-47E2-9142-843E07F46430}.Release|Any CPU.Build.0 = Release|Any CPU
		{829CC22D-5D5F-47E2-9142-843E07F46430}.Release|x64.ActiveCfg = Release|Any CPU
		{829CC22D-5D5F-47E2-9142-843E07F46430}.Release|x64.Build.0 = Release|Any CPU
		{829CC22D-5D5F-47E2-9142-843E07F46430}.Release|x86.ActiveCfg = Release|Any CPU
		{829CC22D-5D5F-47E2-9142-843E07F46430}.Release|x86.Build.0 = Release|Any CPU
	EndGlobalSection
	GlobalSection(NestedProjects) = preSolution
		{1751E06B-E263-4CE4-BD9B-ACB52B474B9A} = {E0F13662-E6A8-46E1-8509-DEB0231228CD}
		{799EDBD6-E64E-4D32-B578-8E2598B08ECC} = {E0F13662-E6A8-46E1-8509-DEB0231228CD}
		{6675CC23-ACE0-4F63-94E6-BE27481678B4} = {E0F13662-E6A8-46E1-8509-DEB0231228CD}
		{829CC22D-5D5F-47E2-9142-843E07F46430} = {E0F13662-E6A8-46E1-8509-DEB0231228CD}
	EndGlobalSection
EndGlobal
